// !$*UTF8*$!
{
	archiveVersion = 1;
	classes = {
	};
	objectVersion = 46;
	objects = {

/* Begin PBXBuildFile section */
		710CBF651A2331160077B2B7 /* QuartzCore.framework in Frameworks */ = {isa = PBXBuildFile; fileRef = 710CBF641A2331160077B2B7 /* QuartzCore.framework */; };
		710D07B71A682B5D004A3E4D /* remove.png in Resources */ = {isa = PBXBuildFile; fileRef = 710D07B61A682B5D004A3E4D /* remove.png */; };
		710E52641A96145000E06220 /* black48.png in Resources */ = {isa = PBXBuildFile; fileRef = 710E52631A96145000E06220 /* black48.png */; };
		71290C231A1F5C2B003B7B09 /* SettingsViewController.m in Sources */ = {isa = PBXBuildFile; fileRef = 71290C221A1F5C2B003B7B09 /* SettingsViewController.m */; };
		71290C291A1F5C8A003B7B09 /* SettingsTableViewCell.m in Sources */ = {isa = PBXBuildFile; fileRef = 71290C281A1F5C8A003B7B09 /* SettingsTableViewCell.m */; };
		71290CCE1A1FC3DC003B7B09 /* EditSettingsViewController.m in Sources */ = {isa = PBXBuildFile; fileRef = 71290CCD1A1FC3DC003B7B09 /* EditSettingsViewController.m */; };
		71290CD11A1FC3F3003B7B09 /* DisplaySettingsViewController.m in Sources */ = {isa = PBXBuildFile; fileRef = 71290CD01A1FC3F3003B7B09 /* DisplaySettingsViewController.m */; };
		71290CDA1A1FC61E003B7B09 /* MapViewController.m in Sources */ = {isa = PBXBuildFile; fileRef = 71290CD91A1FC61E003B7B09 /* MapViewController.m */; };
		71290CDF1A1FE619003B7B09 /* MapKit.framework in Frameworks */ = {isa = PBXBuildFile; fileRef = 71290CDE1A1FE619003B7B09 /* MapKit.framework */; };
		71290CE21A1FF2F8003B7B09 /* CreateSqeedViewController.m in Sources */ = {isa = PBXBuildFile; fileRef = 71290CE11A1FF2F8003B7B09 /* CreateSqeedViewController.m */; };
		712B54701A65717700AAABE2 /* SqeedsViewController.m in Sources */ = {isa = PBXBuildFile; fileRef = 712B546F1A65717700AAABE2 /* SqeedsViewController.m */; };
		712B54731A6619CC00AAABE2 /* SqeedCollectionViewCell.m in Sources */ = {isa = PBXBuildFile; fileRef = 712B54721A6619CC00AAABE2 /* SqeedCollectionViewCell.m */; };
		712B54761A6619ED00AAABE2 /* DetailedSqeedCollectionViewCell.m in Sources */ = {isa = PBXBuildFile; fileRef = 712B54751A6619ED00AAABE2 /* DetailedSqeedCollectionViewCell.m */; };
		71328CBB1AC029F1005CF10A /* Contact.m in Sources */ = {isa = PBXBuildFile; fileRef = 71328CBA1AC029F1005CF10A /* Contact.m */; };
		71345B721A9C2B1E008902A7 /* Message.m in Sources */ = {isa = PBXBuildFile; fileRef = 71345B711A9C2B1E008902A7 /* Message.m */; };
		714B1E3A1A41F5CA0025BEA6 /* DetailsSqeedTableViewCell.m in Sources */ = {isa = PBXBuildFile; fileRef = 714B1E391A41F5CA0025BEA6 /* DetailsSqeedTableViewCell.m */; };
		714B1E631A42226D0025BEA6 /* add.png in Resources */ = {isa = PBXBuildFile; fileRef = 714B1E431A42226C0025BEA6 /* add.png */; };
		714B1E641A42226D0025BEA6 /* rarr.png in Resources */ = {isa = PBXBuildFile; fileRef = 714B1E441A42226C0025BEA6 /* rarr.png */; };
		714B1E661A42226D0025BEA6 /* email.png in Resources */ = {isa = PBXBuildFile; fileRef = 714B1E461A42226C0025BEA6 /* email.png */; };
		714B1E681A42226D0025BEA6 /* 5.png in Resources */ = {isa = PBXBuildFile; fileRef = 714B1E481A42226C0025BEA6 /* 5.png */; };
		714B1E691A42226D0025BEA6 /* time.png in Resources */ = {isa = PBXBuildFile; fileRef = 714B1E491A42226C0025BEA6 /* time.png */; };
		714B1E6A1A42226D0025BEA6 /* close.png in Resources */ = {isa = PBXBuildFile; fileRef = 714B1E4A1A42226C0025BEA6 /* close.png */; };
		714B1E6B1A42226D0025BEA6 /* facebook1.png in Resources */ = {isa = PBXBuildFile; fileRef = 714B1E4B1A42226C0025BEA6 /* facebook1.png */; };
		714B1E6C1A42226D0025BEA6 /* facebook55.png in Resources */ = {isa = PBXBuildFile; fileRef = 714B1E4C1A42226C0025BEA6 /* facebook55.png */; };
		714B1E6D1A42226D0025BEA6 /* instagram12.png in Resources */ = {isa = PBXBuildFile; fileRef = 714B1E4D1A42226C0025BEA6 /* instagram12.png */; };
		714B1E6F1A42226D0025BEA6 /* search.png in Resources */ = {isa = PBXBuildFile; fileRef = 714B1E4F1A42226C0025BEA6 /* search.png */; };
		714B1E701A42226D0025BEA6 /* 4.png in Resources */ = {isa = PBXBuildFile; fileRef = 714B1E501A42226C0025BEA6 /* 4.png */; };
		714B1E711A42226D0025BEA6 /* menu.png in Resources */ = {isa = PBXBuildFile; fileRef = 714B1E511A42226C0025BEA6 /* menu.png */; };
		714B1E721A42226D0025BEA6 /* notebook.png in Resources */ = {isa = PBXBuildFile; fileRef = 714B1E521A42226C0025BEA6 /* notebook.png */; };
		714B1E741A42226D0025BEA6 /* public.png in Resources */ = {isa = PBXBuildFile; fileRef = 714B1E541A42226C0025BEA6 /* public.png */; };
		714B1E751A42226D0025BEA6 /* 3.png in Resources */ = {isa = PBXBuildFile; fileRef = 714B1E551A42226C0025BEA6 /* 3.png */; };
		714B1E761A42226D0025BEA6 /* 1.png in Resources */ = {isa = PBXBuildFile; fileRef = 714B1E561A42226C0025BEA6 /* 1.png */; };
		714B1E781A42226D0025BEA6 /* phone45.png in Resources */ = {isa = PBXBuildFile; fileRef = 714B1E581A42226C0025BEA6 /* phone45.png */; };
		714B1E791A42226D0025BEA6 /* phone.png in Resources */ = {isa = PBXBuildFile; fileRef = 714B1E591A42226C0025BEA6 /* phone.png */; };
		714B1E7B1A42226D0025BEA6 /* power.png in Resources */ = {isa = PBXBuildFile; fileRef = 714B1E5B1A42226C0025BEA6 /* power.png */; };
		714B1E7C1A42226D0025BEA6 /* delete.png in Resources */ = {isa = PBXBuildFile; fileRef = 714B1E5C1A42226C0025BEA6 /* delete.png */; };
		714B1E7D1A42226D0025BEA6 /* next.png in Resources */ = {isa = PBXBuildFile; fileRef = 714B1E5D1A42226C0025BEA6 /* next.png */; };
		714B1E7F1A42226D0025BEA6 /* 2.png in Resources */ = {isa = PBXBuildFile; fileRef = 714B1E5F1A42226D0025BEA6 /* 2.png */; };
		714B1E801A42226D0025BEA6 /* social38.png in Resources */ = {isa = PBXBuildFile; fileRef = 714B1E601A42226D0025BEA6 /* social38.png */; };
		714B1E811A42226D0025BEA6 /* private.png in Resources */ = {isa = PBXBuildFile; fileRef = 714B1E611A42226D0025BEA6 /* private.png */; };
		714B1E821A42226D0025BEA6 /* twitter33.png in Resources */ = {isa = PBXBuildFile; fileRef = 714B1E621A42226D0025BEA6 /* twitter33.png */; };
		714B1E871A4223920025BEA6 /* what.png in Resources */ = {isa = PBXBuildFile; fileRef = 714B1E841A4223920025BEA6 /* what.png */; };
		714B1E891A4223920025BEA6 /* where.png in Resources */ = {isa = PBXBuildFile; fileRef = 714B1E861A4223920025BEA6 /* where.png */; };
		714B1E8B1A4223A20025BEA6 /* when.png in Resources */ = {isa = PBXBuildFile; fileRef = 714B1E8A1A4223A20025BEA6 /* when.png */; };
		714B1E8D1A42249C0025BEA6 /* who.png in Resources */ = {isa = PBXBuildFile; fileRef = 714B1E8C1A42249C0025BEA6 /* who.png */; };
		714B1EAA1A422DD40025BEA6 /* UIImage+ImageEffects.m in Sources */ = {isa = PBXBuildFile; fileRef = 714B1EA91A422DD40025BEA6 /* UIImage+ImageEffects.m */; };
		714B1EAF1A42343F0025BEA6 /* larr.png in Resources */ = {isa = PBXBuildFile; fileRef = 714B1EAD1A42343F0025BEA6 /* larr.png */; };
		714B1EB01A42343F0025BEA6 /* list.png in Resources */ = {isa = PBXBuildFile; fileRef = 714B1EAE1A42343F0025BEA6 /* list.png */; };
		714B1EB21A4258250025BEA6 /* blurbg.jpg in Resources */ = {isa = PBXBuildFile; fileRef = 714B1EB11A4258250025BEA6 /* blurbg.jpg */; };
		714B1EB51A42688A0025BEA6 /* FriendsViewController.m in Sources */ = {isa = PBXBuildFile; fileRef = 714B1EB41A42688A0025BEA6 /* FriendsViewController.m */; };
		715E9DA81A23A07D007D4006 /* RootViewController.m in Sources */ = {isa = PBXBuildFile; fileRef = 715E9DA71A23A07D007D4006 /* RootViewController.m */; };
		715E9DAB1A23A24A007D4006 /* User.m in Sources */ = {isa = PBXBuildFile; fileRef = 715E9DAA1A23A24A007D4006 /* User.m */; };
		715E9DAE1A23A258007D4006 /* Sqeed.m in Sources */ = {isa = PBXBuildFile; fileRef = 715E9DAD1A23A258007D4006 /* Sqeed.m */; };
		715E9DCA1A23B85F007D4006 /* icon-settings.png in Resources */ = {isa = PBXBuildFile; fileRef = 715E9DBB1A23B85F007D4006 /* icon-settings.png */; };
		715E9E151A24AF5A007D4006 /* CacheHandler.m in Sources */ = {isa = PBXBuildFile; fileRef = 715E9E141A24AF5A007D4006 /* CacheHandler.m */; };
		715E9E181A24B4CF007D4006 /* SqeedCategory.m in Sources */ = {isa = PBXBuildFile; fileRef = 715E9E171A24B4CF007D4006 /* SqeedCategory.m */; };
		715EC08E1AA7DB8600EB9E33 /* SuggestionTableViewCell.m in Sources */ = {isa = PBXBuildFile; fileRef = 715EC08D1AA7DB8600EB9E33 /* SuggestionTableViewCell.m */; };
		71630B921A27ADD000E71015 /* AlertHelper.m in Sources */ = {isa = PBXBuildFile; fileRef = 71630B911A27ADD000E71015 /* AlertHelper.m */; };
		71739B071B0A425400BCC52D /* 1-sel.png in Resources */ = {isa = PBXBuildFile; fileRef = 71739B021B0A425400BCC52D /* 1-sel.png */; };
		71739B081B0A425400BCC52D /* 2-sel.png in Resources */ = {isa = PBXBuildFile; fileRef = 71739B031B0A425400BCC52D /* 2-sel.png */; };
		71739B091B0A425400BCC52D /* 3-sel.png in Resources */ = {isa = PBXBuildFile; fileRef = 71739B041B0A425400BCC52D /* 3-sel.png */; };
		71739B0A1B0A425400BCC52D /* 4-sel.png in Resources */ = {isa = PBXBuildFile; fileRef = 71739B051B0A425400BCC52D /* 4-sel.png */; };
		71739B0B1B0A425400BCC52D /* 5-sel.png in Resources */ = {isa = PBXBuildFile; fileRef = 71739B061B0A425400BCC52D /* 5-sel.png */; };
		71931EE71A3F60EE00133385 /* AFHTTPRequestOperation.m in Sources */ = {isa = PBXBuildFile; fileRef = 71931ED51A3F60ED00133385 /* AFHTTPRequestOperation.m */; };
		71931EE81A3F60EE00133385 /* AFHTTPRequestOperationManager.m in Sources */ = {isa = PBXBuildFile; fileRef = 71931ED71A3F60ED00133385 /* AFHTTPRequestOperationManager.m */; };
		71931EE91A3F60EE00133385 /* AFHTTPSessionManager.m in Sources */ = {isa = PBXBuildFile; fileRef = 71931ED91A3F60ED00133385 /* AFHTTPSessionManager.m */; };
		71931EEA1A3F60EE00133385 /* AFNetworkReachabilityManager.m in Sources */ = {isa = PBXBuildFile; fileRef = 71931EDC1A3F60EE00133385 /* AFNetworkReachabilityManager.m */; };
		71931EEB1A3F60EE00133385 /* AFSecurityPolicy.m in Sources */ = {isa = PBXBuildFile; fileRef = 71931EDE1A3F60EE00133385 /* AFSecurityPolicy.m */; };
		71931EEC1A3F60EE00133385 /* AFURLConnectionOperation.m in Sources */ = {isa = PBXBuildFile; fileRef = 71931EE01A3F60EE00133385 /* AFURLConnectionOperation.m */; };
		71931EED1A3F60EE00133385 /* AFURLRequestSerialization.m in Sources */ = {isa = PBXBuildFile; fileRef = 71931EE21A3F60EE00133385 /* AFURLRequestSerialization.m */; };
		71931EEE1A3F60EE00133385 /* AFURLResponseSerialization.m in Sources */ = {isa = PBXBuildFile; fileRef = 71931EE41A3F60EE00133385 /* AFURLResponseSerialization.m */; };
		71931EEF1A3F60EE00133385 /* AFURLSessionManager.m in Sources */ = {isa = PBXBuildFile; fileRef = 71931EE61A3F60EE00133385 /* AFURLSessionManager.m */; };
		7195D7A11A1CA7E400A8C995 /* SqeedTableViewCell.m in Sources */ = {isa = PBXBuildFile; fileRef = 7195D7A01A1CA7E400A8C995 /* SqeedTableViewCell.m */; };
		7195D7B21A1E30B100A8C995 /* SqeedViewController.m in Sources */ = {isa = PBXBuildFile; fileRef = 7195D7B11A1E30B100A8C995 /* SqeedViewController.m */; };
		719968171A14FA6100974683 /* main.m in Sources */ = {isa = PBXBuildFile; fileRef = 719968161A14FA6100974683 /* main.m */; };
		7199681A1A14FA6100974683 /* AppDelegate.m in Sources */ = {isa = PBXBuildFile; fileRef = 719968191A14FA6100974683 /* AppDelegate.m */; };
		7199681D1A14FA6100974683 /* LoginViewController.m in Sources */ = {isa = PBXBuildFile; fileRef = 7199681C1A14FA6100974683 /* LoginViewController.m */; };
		719968201A14FA6100974683 /* Main.storyboard in Resources */ = {isa = PBXBuildFile; fileRef = 7199681E1A14FA6100974683 /* Main.storyboard */; };
		719968221A14FA6100974683 /* Images.xcassets in Resources */ = {isa = PBXBuildFile; fileRef = 719968211A14FA6100974683 /* Images.xcassets */; };
		719968251A14FA6100974683 /* LaunchScreen.xib in Resources */ = {isa = PBXBuildFile; fileRef = 719968231A14FA6100974683 /* LaunchScreen.xib */; };
		719968311A14FA6100974683 /* SqeedTimeTests.m in Sources */ = {isa = PBXBuildFile; fileRef = 719968301A14FA6100974683 /* SqeedTimeTests.m */; };
		7199683B1A14FA9B00974683 /* logo.png in Resources */ = {isa = PBXBuildFile; fileRef = 7199683A1A14FA9B00974683 /* logo.png */; };
		71AE881C1AA2B44B007AD138 /* MultiSelectSegmentedControl.m in Sources */ = {isa = PBXBuildFile; fileRef = 71AE881B1AA2B44B007AD138 /* MultiSelectSegmentedControl.m */; };
		71BC4EE61A62B489009D060B /* SearchFriendTableViewCell.m in Sources */ = {isa = PBXBuildFile; fileRef = 71BC4EE51A62B489009D060B /* SearchFriendTableViewCell.m */; };
		71BC4EE91A62BF4D009D060B /* ContactTableViewCell.m in Sources */ = {isa = PBXBuildFile; fileRef = 71BC4EE81A62BF4D009D060B /* ContactTableViewCell.m */; };
		71BC4EEB1A62D0A2009D060B /* MessageUI.framework in Frameworks */ = {isa = PBXBuildFile; fileRef = 71BC4EEA1A62D0A2009D060B /* MessageUI.framework */; };
		71CB18851A20E47400A6FB93 /* DismissModalSegue.m in Sources */ = {isa = PBXBuildFile; fileRef = 71CB18841A20E47400A6FB93 /* DismissModalSegue.m */; };
		71CB18931A20EA6B00A6FB93 /* ModalWhereViewController.m in Sources */ = {isa = PBXBuildFile; fileRef = 71CB18921A20EA6B00A6FB93 /* ModalWhereViewController.m */; };
		71CB18961A20EA7500A6FB93 /* ModalWhenViewController.m in Sources */ = {isa = PBXBuildFile; fileRef = 71CB18951A20EA7500A6FB93 /* ModalWhenViewController.m */; };
		71CB18991A20EA8A00A6FB93 /* ModalWhoViewController.m in Sources */ = {isa = PBXBuildFile; fileRef = 71CB18981A20EA8A00A6FB93 /* ModalWhoViewController.m */; };
		71CB189C1A20EA9700A6FB93 /* ModalWhatViewController.m in Sources */ = {isa = PBXBuildFile; fileRef = 71CB189B1A20EA9700A6FB93 /* ModalWhatViewController.m */; };
		71CDAE621A2A11C000186FDB /* AddFriendsViewController.m in Sources */ = {isa = PBXBuildFile; fileRef = 71CDAE611A2A11C000186FDB /* AddFriendsViewController.m */; };
		71CDAE651A2A173300186FDB /* FriendTableViewCell.m in Sources */ = {isa = PBXBuildFile; fileRef = 71CDAE641A2A173300186FDB /* FriendTableViewCell.m */; };
		71CDAE681A2B503500186FDB /* DatabaseManager.m in Sources */ = {isa = PBXBuildFile; fileRef = 71CDAE671A2B503500186FDB /* DatabaseManager.m */; };
		71CDAE6B1A2B511400186FDB /* Constants.m in Sources */ = {isa = PBXBuildFile; fileRef = 71CDAE6A1A2B511400186FDB /* Constants.m */; };
		71CDF0261A427BD400757EED /* SearchViewController.m in Sources */ = {isa = PBXBuildFile; fileRef = 71CDF0251A427BD400757EED /* SearchViewController.m */; };
		71CDF02B1A428CFB00757EED /* AddFriendTableViewCell.m in Sources */ = {isa = PBXBuildFile; fileRef = 71CDF02A1A428CFB00757EED /* AddFriendTableViewCell.m */; };
		71CDF02D1A42A14800757EED /* AddressBook.framework in Frameworks */ = {isa = PBXBuildFile; fileRef = 71CDF02C1A42A14800757EED /* AddressBook.framework */; };
		71CDF02F1A42A18000757EED /* AddressBookUI.framework in Frameworks */ = {isa = PBXBuildFile; fileRef = 71CDF02E1A42A18000757EED /* AddressBookUI.framework */; };
		71D3E0F91AA4B2A100CCAA03 /* FilterCollectionViewCell.m in Sources */ = {isa = PBXBuildFile; fileRef = 71D3E0F81AA4B2A100CCAA03 /* FilterCollectionViewCell.m */; };
		71DFA9D71A9B81FE000BA3D0 /* logo-120.png in Resources */ = {isa = PBXBuildFile; fileRef = 71DFA9D31A9B81FE000BA3D0 /* logo-120.png */; };
		71DFA9D81A9B81FE000BA3D0 /* logo-180.png in Resources */ = {isa = PBXBuildFile; fileRef = 71DFA9D41A9B81FE000BA3D0 /* logo-180.png */; };
		71DFA9D91A9B81FE000BA3D0 /* logo-430.png in Resources */ = {isa = PBXBuildFile; fileRef = 71DFA9D51A9B81FE000BA3D0 /* logo-430.png */; };
		71DFA9DA1A9B81FE000BA3D0 /* logo-1024.png in Resources */ = {isa = PBXBuildFile; fileRef = 71DFA9D61A9B81FE000BA3D0 /* logo-1024.png */; };
		71DFA9DE1A9BD6C7000BA3D0 /* ChatViewController.m in Sources */ = {isa = PBXBuildFile; fileRef = 71DFA9DD1A9BD6C7000BA3D0 /* ChatViewController.m */; };
		71DFA9E11A9BD823000BA3D0 /* ChatCollectionViewCell.m in Sources */ = {isa = PBXBuildFile; fileRef = 71DFA9E01A9BD823000BA3D0 /* ChatCollectionViewCell.m */; };
		71EA18891A434FB00059BCDD /* DismissSegue.m in Sources */ = {isa = PBXBuildFile; fileRef = 71EA18881A434FB00059BCDD /* DismissSegue.m */; };
		71ECFCD31A90E5B300C55382 /* VoteOption.m in Sources */ = {isa = PBXBuildFile; fileRef = 71ECFCD21A90E5B300C55382 /* VoteOption.m */; };
		71F92A431AF5022200ED2231 /* sqeedtime.png in Resources */ = {isa = PBXBuildFile; fileRef = 71F92A421AF5022200ED2231 /* sqeedtime.png */; };
/* End PBXBuildFile section */

/* Begin PBXContainerItemProxy section */
		7199682B1A14FA6100974683 /* PBXContainerItemProxy */ = {
			isa = PBXContainerItemProxy;
			containerPortal = 719968091A14FA6100974683 /* Project object */;
			proxyType = 1;
			remoteGlobalIDString = 719968101A14FA6100974683;
			remoteInfo = SqeedTime;
		};
/* End PBXContainerItemProxy section */

/* Begin PBXFileReference section */
		710CBF641A2331160077B2B7 /* QuartzCore.framework */ = {isa = PBXFileReference; lastKnownFileType = wrapper.framework; name = QuartzCore.framework; path = System/Library/Frameworks/QuartzCore.framework; sourceTree = SDKROOT; };
		710D07B61A682B5D004A3E4D /* remove.png */ = {isa = PBXFileReference; lastKnownFileType = image.png; path = remove.png; sourceTree = "<group>"; };
		710E52631A96145000E06220 /* black48.png */ = {isa = PBXFileReference; lastKnownFileType = image.png; path = black48.png; sourceTree = "<group>"; };
		71290C211A1F5C2B003B7B09 /* SettingsViewController.h */ = {isa = PBXFileReference; fileEncoding = 4; lastKnownFileType = sourcecode.c.h; path = SettingsViewController.h; sourceTree = "<group>"; };
		71290C221A1F5C2B003B7B09 /* SettingsViewController.m */ = {isa = PBXFileReference; fileEncoding = 4; lastKnownFileType = sourcecode.c.objc; path = SettingsViewController.m; sourceTree = "<group>"; };
		71290C271A1F5C8A003B7B09 /* SettingsTableViewCell.h */ = {isa = PBXFileReference; fileEncoding = 4; lastKnownFileType = sourcecode.c.h; path = SettingsTableViewCell.h; sourceTree = "<group>"; };
		71290C281A1F5C8A003B7B09 /* SettingsTableViewCell.m */ = {isa = PBXFileReference; fileEncoding = 4; lastKnownFileType = sourcecode.c.objc; path = SettingsTableViewCell.m; sourceTree = "<group>"; };
		71290CCC1A1FC3DC003B7B09 /* EditSettingsViewController.h */ = {isa = PBXFileReference; fileEncoding = 4; lastKnownFileType = sourcecode.c.h; path = EditSettingsViewController.h; sourceTree = "<group>"; };
		71290CCD1A1FC3DC003B7B09 /* EditSettingsViewController.m */ = {isa = PBXFileReference; fileEncoding = 4; lastKnownFileType = sourcecode.c.objc; path = EditSettingsViewController.m; sourceTree = "<group>"; };
		71290CCF1A1FC3F3003B7B09 /* DisplaySettingsViewController.h */ = {isa = PBXFileReference; fileEncoding = 4; lastKnownFileType = sourcecode.c.h; path = DisplaySettingsViewController.h; sourceTree = "<group>"; };
		71290CD01A1FC3F3003B7B09 /* DisplaySettingsViewController.m */ = {isa = PBXFileReference; fileEncoding = 4; lastKnownFileType = sourcecode.c.objc; path = DisplaySettingsViewController.m; sourceTree = "<group>"; };
		71290CD81A1FC61E003B7B09 /* MapViewController.h */ = {isa = PBXFileReference; fileEncoding = 4; lastKnownFileType = sourcecode.c.h; path = MapViewController.h; sourceTree = "<group>"; };
		71290CD91A1FC61E003B7B09 /* MapViewController.m */ = {isa = PBXFileReference; fileEncoding = 4; lastKnownFileType = sourcecode.c.objc; path = MapViewController.m; sourceTree = "<group>"; };
		71290CDE1A1FE619003B7B09 /* MapKit.framework */ = {isa = PBXFileReference; lastKnownFileType = wrapper.framework; name = MapKit.framework; path = System/Library/Frameworks/MapKit.framework; sourceTree = SDKROOT; };
		71290CE01A1FF2F8003B7B09 /* CreateSqeedViewController.h */ = {isa = PBXFileReference; fileEncoding = 4; lastKnownFileType = sourcecode.c.h; path = CreateSqeedViewController.h; sourceTree = "<group>"; };
		71290CE11A1FF2F8003B7B09 /* CreateSqeedViewController.m */ = {isa = PBXFileReference; fileEncoding = 4; lastKnownFileType = sourcecode.c.objc; path = CreateSqeedViewController.m; sourceTree = "<group>"; };
		712B546E1A65717700AAABE2 /* SqeedsViewController.h */ = {isa = PBXFileReference; fileEncoding = 4; lastKnownFileType = sourcecode.c.h; path = SqeedsViewController.h; sourceTree = "<group>"; };
		712B546F1A65717700AAABE2 /* SqeedsViewController.m */ = {isa = PBXFileReference; fileEncoding = 4; lastKnownFileType = sourcecode.c.objc; path = SqeedsViewController.m; sourceTree = "<group>"; };
		712B54711A6619CC00AAABE2 /* SqeedCollectionViewCell.h */ = {isa = PBXFileReference; fileEncoding = 4; lastKnownFileType = sourcecode.c.h; path = SqeedCollectionViewCell.h; sourceTree = "<group>"; };
		712B54721A6619CC00AAABE2 /* SqeedCollectionViewCell.m */ = {isa = PBXFileReference; fileEncoding = 4; lastKnownFileType = sourcecode.c.objc; path = SqeedCollectionViewCell.m; sourceTree = "<group>"; };
		712B54741A6619ED00AAABE2 /* DetailedSqeedCollectionViewCell.h */ = {isa = PBXFileReference; fileEncoding = 4; lastKnownFileType = sourcecode.c.h; path = DetailedSqeedCollectionViewCell.h; sourceTree = "<group>"; };
		712B54751A6619ED00AAABE2 /* DetailedSqeedCollectionViewCell.m */ = {isa = PBXFileReference; fileEncoding = 4; lastKnownFileType = sourcecode.c.objc; path = DetailedSqeedCollectionViewCell.m; sourceTree = "<group>"; };
		71328CB91AC029F1005CF10A /* Contact.h */ = {isa = PBXFileReference; fileEncoding = 4; lastKnownFileType = sourcecode.c.h; path = Contact.h; sourceTree = "<group>"; };
		71328CBA1AC029F1005CF10A /* Contact.m */ = {isa = PBXFileReference; fileEncoding = 4; lastKnownFileType = sourcecode.c.objc; path = Contact.m; sourceTree = "<group>"; };
		71345B701A9C2B1D008902A7 /* Message.h */ = {isa = PBXFileReference; fileEncoding = 4; lastKnownFileType = sourcecode.c.h; path = Message.h; sourceTree = "<group>"; };
		71345B711A9C2B1E008902A7 /* Message.m */ = {isa = PBXFileReference; fileEncoding = 4; lastKnownFileType = sourcecode.c.objc; path = Message.m; sourceTree = "<group>"; };
		714B1E381A41F5CA0025BEA6 /* DetailsSqeedTableViewCell.h */ = {isa = PBXFileReference; fileEncoding = 4; lastKnownFileType = sourcecode.c.h; path = DetailsSqeedTableViewCell.h; sourceTree = "<group>"; };
		714B1E391A41F5CA0025BEA6 /* DetailsSqeedTableViewCell.m */ = {isa = PBXFileReference; fileEncoding = 4; lastKnownFileType = sourcecode.c.objc; path = DetailsSqeedTableViewCell.m; sourceTree = "<group>"; };
		714B1E431A42226C0025BEA6 /* add.png */ = {isa = PBXFileReference; lastKnownFileType = image.png; path = add.png; sourceTree = "<group>"; };
		714B1E441A42226C0025BEA6 /* rarr.png */ = {isa = PBXFileReference; lastKnownFileType = image.png; path = rarr.png; sourceTree = "<group>"; };
		714B1E461A42226C0025BEA6 /* email.png */ = {isa = PBXFileReference; lastKnownFileType = image.png; path = email.png; sourceTree = "<group>"; };
		714B1E481A42226C0025BEA6 /* 5.png */ = {isa = PBXFileReference; lastKnownFileType = image.png; path = 5.png; sourceTree = "<group>"; };
		714B1E491A42226C0025BEA6 /* time.png */ = {isa = PBXFileReference; lastKnownFileType = image.png; path = time.png; sourceTree = "<group>"; };
		714B1E4A1A42226C0025BEA6 /* close.png */ = {isa = PBXFileReference; lastKnownFileType = image.png; path = close.png; sourceTree = "<group>"; };
		714B1E4B1A42226C0025BEA6 /* facebook1.png */ = {isa = PBXFileReference; lastKnownFileType = image.png; path = facebook1.png; sourceTree = "<group>"; };
		714B1E4C1A42226C0025BEA6 /* facebook55.png */ = {isa = PBXFileReference; lastKnownFileType = image.png; path = facebook55.png; sourceTree = "<group>"; };
		714B1E4D1A42226C0025BEA6 /* instagram12.png */ = {isa = PBXFileReference; lastKnownFileType = image.png; path = instagram12.png; sourceTree = "<group>"; };
		714B1E4F1A42226C0025BEA6 /* search.png */ = {isa = PBXFileReference; lastKnownFileType = image.png; path = search.png; sourceTree = "<group>"; };
		714B1E501A42226C0025BEA6 /* 4.png */ = {isa = PBXFileReference; lastKnownFileType = image.png; path = 4.png; sourceTree = "<group>"; };
		714B1E511A42226C0025BEA6 /* menu.png */ = {isa = PBXFileReference; lastKnownFileType = image.png; path = menu.png; sourceTree = "<group>"; };
		714B1E521A42226C0025BEA6 /* notebook.png */ = {isa = PBXFileReference; lastKnownFileType = image.png; path = notebook.png; sourceTree = "<group>"; };
		714B1E541A42226C0025BEA6 /* public.png */ = {isa = PBXFileReference; lastKnownFileType = image.png; path = public.png; sourceTree = "<group>"; };
		714B1E551A42226C0025BEA6 /* 3.png */ = {isa = PBXFileReference; lastKnownFileType = image.png; path = 3.png; sourceTree = "<group>"; };
		714B1E561A42226C0025BEA6 /* 1.png */ = {isa = PBXFileReference; lastKnownFileType = image.png; path = 1.png; sourceTree = "<group>"; };
		714B1E581A42226C0025BEA6 /* phone45.png */ = {isa = PBXFileReference; lastKnownFileType = image.png; path = phone45.png; sourceTree = "<group>"; };
		714B1E591A42226C0025BEA6 /* phone.png */ = {isa = PBXFileReference; lastKnownFileType = image.png; path = phone.png; sourceTree = "<group>"; };
		714B1E5B1A42226C0025BEA6 /* power.png */ = {isa = PBXFileReference; lastKnownFileType = image.png; path = power.png; sourceTree = "<group>"; };
		714B1E5C1A42226C0025BEA6 /* delete.png */ = {isa = PBXFileReference; lastKnownFileType = image.png; path = delete.png; sourceTree = "<group>"; };
		714B1E5D1A42226C0025BEA6 /* next.png */ = {isa = PBXFileReference; lastKnownFileType = image.png; path = next.png; sourceTree = "<group>"; };
		714B1E5F1A42226D0025BEA6 /* 2.png */ = {isa = PBXFileReference; lastKnownFileType = image.png; path = 2.png; sourceTree = "<group>"; };
		714B1E601A42226D0025BEA6 /* social38.png */ = {isa = PBXFileReference; lastKnownFileType = image.png; path = social38.png; sourceTree = "<group>"; };
		714B1E611A42226D0025BEA6 /* private.png */ = {isa = PBXFileReference; lastKnownFileType = image.png; path = private.png; sourceTree = "<group>"; };
		714B1E621A42226D0025BEA6 /* twitter33.png */ = {isa = PBXFileReference; lastKnownFileType = image.png; path = twitter33.png; sourceTree = "<group>"; };
		714B1E841A4223920025BEA6 /* what.png */ = {isa = PBXFileReference; lastKnownFileType = image.png; path = what.png; sourceTree = "<group>"; };
		714B1E861A4223920025BEA6 /* where.png */ = {isa = PBXFileReference; lastKnownFileType = image.png; path = where.png; sourceTree = "<group>"; };
		714B1E8A1A4223A20025BEA6 /* when.png */ = {isa = PBXFileReference; lastKnownFileType = image.png; path = when.png; sourceTree = "<group>"; };
		714B1E8C1A42249C0025BEA6 /* who.png */ = {isa = PBXFileReference; lastKnownFileType = image.png; path = who.png; sourceTree = "<group>"; };
		714B1EA81A422DD40025BEA6 /* UIImage+ImageEffects.h */ = {isa = PBXFileReference; fileEncoding = 4; lastKnownFileType = sourcecode.c.h; path = "UIImage+ImageEffects.h"; sourceTree = "<group>"; };
		714B1EA91A422DD40025BEA6 /* UIImage+ImageEffects.m */ = {isa = PBXFileReference; fileEncoding = 4; lastKnownFileType = sourcecode.c.objc; path = "UIImage+ImageEffects.m"; sourceTree = "<group>"; };
		714B1EAD1A42343F0025BEA6 /* larr.png */ = {isa = PBXFileReference; lastKnownFileType = image.png; path = larr.png; sourceTree = "<group>"; };
		714B1EAE1A42343F0025BEA6 /* list.png */ = {isa = PBXFileReference; lastKnownFileType = image.png; path = list.png; sourceTree = "<group>"; };
		714B1EB11A4258250025BEA6 /* blurbg.jpg */ = {isa = PBXFileReference; lastKnownFileType = image.jpeg; path = blurbg.jpg; sourceTree = "<group>"; };
		714B1EB31A42688A0025BEA6 /* FriendsViewController.h */ = {isa = PBXFileReference; fileEncoding = 4; lastKnownFileType = sourcecode.c.h; path = FriendsViewController.h; sourceTree = "<group>"; };
		714B1EB41A42688A0025BEA6 /* FriendsViewController.m */ = {isa = PBXFileReference; fileEncoding = 4; lastKnownFileType = sourcecode.c.objc; path = FriendsViewController.m; sourceTree = "<group>"; };
		715E9DA61A23A07C007D4006 /* RootViewController.h */ = {isa = PBXFileReference; fileEncoding = 4; lastKnownFileType = sourcecode.c.h; path = RootViewController.h; sourceTree = "<group>"; };
		715E9DA71A23A07D007D4006 /* RootViewController.m */ = {isa = PBXFileReference; fileEncoding = 4; lastKnownFileType = sourcecode.c.objc; path = RootViewController.m; sourceTree = "<group>"; };
		715E9DA91A23A24A007D4006 /* User.h */ = {isa = PBXFileReference; fileEncoding = 4; lastKnownFileType = sourcecode.c.h; path = User.h; sourceTree = "<group>"; };
		715E9DAA1A23A24A007D4006 /* User.m */ = {isa = PBXFileReference; fileEncoding = 4; lastKnownFileType = sourcecode.c.objc; path = User.m; sourceTree = "<group>"; };
		715E9DAC1A23A258007D4006 /* Sqeed.h */ = {isa = PBXFileReference; fileEncoding = 4; lastKnownFileType = sourcecode.c.h; path = Sqeed.h; sourceTree = "<group>"; };
		715E9DAD1A23A258007D4006 /* Sqeed.m */ = {isa = PBXFileReference; fileEncoding = 4; lastKnownFileType = sourcecode.c.objc; path = Sqeed.m; sourceTree = "<group>"; };
		715E9DBB1A23B85F007D4006 /* icon-settings.png */ = {isa = PBXFileReference; lastKnownFileType = image.png; path = "icon-settings.png"; sourceTree = "<group>"; };
		715E9E131A24AF5A007D4006 /* CacheHandler.h */ = {isa = PBXFileReference; fileEncoding = 4; lastKnownFileType = sourcecode.c.h; path = CacheHandler.h; sourceTree = "<group>"; };
		715E9E141A24AF5A007D4006 /* CacheHandler.m */ = {isa = PBXFileReference; fileEncoding = 4; lastKnownFileType = sourcecode.c.objc; path = CacheHandler.m; sourceTree = "<group>"; };
		715E9E161A24B4CF007D4006 /* SqeedCategory.h */ = {isa = PBXFileReference; fileEncoding = 4; lastKnownFileType = sourcecode.c.h; path = SqeedCategory.h; sourceTree = "<group>"; };
		715E9E171A24B4CF007D4006 /* SqeedCategory.m */ = {isa = PBXFileReference; fileEncoding = 4; lastKnownFileType = sourcecode.c.objc; path = SqeedCategory.m; sourceTree = "<group>"; };
		715EC08C1AA7DB8600EB9E33 /* SuggestionTableViewCell.h */ = {isa = PBXFileReference; fileEncoding = 4; lastKnownFileType = sourcecode.c.h; path = SuggestionTableViewCell.h; sourceTree = "<group>"; };
		715EC08D1AA7DB8600EB9E33 /* SuggestionTableViewCell.m */ = {isa = PBXFileReference; fileEncoding = 4; lastKnownFileType = sourcecode.c.objc; path = SuggestionTableViewCell.m; sourceTree = "<group>"; };
		71630B901A27ADD000E71015 /* AlertHelper.h */ = {isa = PBXFileReference; fileEncoding = 4; lastKnownFileType = sourcecode.c.h; path = AlertHelper.h; sourceTree = "<group>"; };
		71630B911A27ADD000E71015 /* AlertHelper.m */ = {isa = PBXFileReference; fileEncoding = 4; lastKnownFileType = sourcecode.c.objc; path = AlertHelper.m; sourceTree = "<group>"; };
		71739B021B0A425400BCC52D /* 1-sel.png */ = {isa = PBXFileReference; lastKnownFileType = image.png; path = "1-sel.png"; sourceTree = "<group>"; };
		71739B031B0A425400BCC52D /* 2-sel.png */ = {isa = PBXFileReference; lastKnownFileType = image.png; path = "2-sel.png"; sourceTree = "<group>"; };
		71739B041B0A425400BCC52D /* 3-sel.png */ = {isa = PBXFileReference; lastKnownFileType = image.png; path = "3-sel.png"; sourceTree = "<group>"; };
		71739B051B0A425400BCC52D /* 4-sel.png */ = {isa = PBXFileReference; lastKnownFileType = image.png; path = "4-sel.png"; sourceTree = "<group>"; };
		71739B061B0A425400BCC52D /* 5-sel.png */ = {isa = PBXFileReference; lastKnownFileType = image.png; path = "5-sel.png"; sourceTree = "<group>"; };
		71931ED41A3F60ED00133385 /* AFHTTPRequestOperation.h */ = {isa = PBXFileReference; fileEncoding = 4; lastKnownFileType = sourcecode.c.h; path = AFHTTPRequestOperation.h; sourceTree = "<group>"; };
		71931ED51A3F60ED00133385 /* AFHTTPRequestOperation.m */ = {isa = PBXFileReference; fileEncoding = 4; lastKnownFileType = sourcecode.c.objc; path = AFHTTPRequestOperation.m; sourceTree = "<group>"; };
		71931ED61A3F60ED00133385 /* AFHTTPRequestOperationManager.h */ = {isa = PBXFileReference; fileEncoding = 4; lastKnownFileType = sourcecode.c.h; path = AFHTTPRequestOperationManager.h; sourceTree = "<group>"; };
		71931ED71A3F60ED00133385 /* AFHTTPRequestOperationManager.m */ = {isa = PBXFileReference; fileEncoding = 4; lastKnownFileType = sourcecode.c.objc; path = AFHTTPRequestOperationManager.m; sourceTree = "<group>"; };
		71931ED81A3F60ED00133385 /* AFHTTPSessionManager.h */ = {isa = PBXFileReference; fileEncoding = 4; lastKnownFileType = sourcecode.c.h; path = AFHTTPSessionManager.h; sourceTree = "<group>"; };
		71931ED91A3F60ED00133385 /* AFHTTPSessionManager.m */ = {isa = PBXFileReference; fileEncoding = 4; lastKnownFileType = sourcecode.c.objc; path = AFHTTPSessionManager.m; sourceTree = "<group>"; };
		71931EDA1A3F60ED00133385 /* AFNetworking.h */ = {isa = PBXFileReference; fileEncoding = 4; lastKnownFileType = sourcecode.c.h; path = AFNetworking.h; sourceTree = "<group>"; };
		71931EDB1A3F60ED00133385 /* AFNetworkReachabilityManager.h */ = {isa = PBXFileReference; fileEncoding = 4; lastKnownFileType = sourcecode.c.h; path = AFNetworkReachabilityManager.h; sourceTree = "<group>"; };
		71931EDC1A3F60EE00133385 /* AFNetworkReachabilityManager.m */ = {isa = PBXFileReference; fileEncoding = 4; lastKnownFileType = sourcecode.c.objc; path = AFNetworkReachabilityManager.m; sourceTree = "<group>"; };
		71931EDD1A3F60EE00133385 /* AFSecurityPolicy.h */ = {isa = PBXFileReference; fileEncoding = 4; lastKnownFileType = sourcecode.c.h; path = AFSecurityPolicy.h; sourceTree = "<group>"; };
		71931EDE1A3F60EE00133385 /* AFSecurityPolicy.m */ = {isa = PBXFileReference; fileEncoding = 4; lastKnownFileType = sourcecode.c.objc; path = AFSecurityPolicy.m; sourceTree = "<group>"; };
		71931EDF1A3F60EE00133385 /* AFURLConnectionOperation.h */ = {isa = PBXFileReference; fileEncoding = 4; lastKnownFileType = sourcecode.c.h; path = AFURLConnectionOperation.h; sourceTree = "<group>"; };
		71931EE01A3F60EE00133385 /* AFURLConnectionOperation.m */ = {isa = PBXFileReference; fileEncoding = 4; lastKnownFileType = sourcecode.c.objc; path = AFURLConnectionOperation.m; sourceTree = "<group>"; };
		71931EE11A3F60EE00133385 /* AFURLRequestSerialization.h */ = {isa = PBXFileReference; fileEncoding = 4; lastKnownFileType = sourcecode.c.h; path = AFURLRequestSerialization.h; sourceTree = "<group>"; };
		71931EE21A3F60EE00133385 /* AFURLRequestSerialization.m */ = {isa = PBXFileReference; fileEncoding = 4; lastKnownFileType = sourcecode.c.objc; path = AFURLRequestSerialization.m; sourceTree = "<group>"; };
		71931EE31A3F60EE00133385 /* AFURLResponseSerialization.h */ = {isa = PBXFileReference; fileEncoding = 4; lastKnownFileType = sourcecode.c.h; path = AFURLResponseSerialization.h; sourceTree = "<group>"; };
		71931EE41A3F60EE00133385 /* AFURLResponseSerialization.m */ = {isa = PBXFileReference; fileEncoding = 4; lastKnownFileType = sourcecode.c.objc; path = AFURLResponseSerialization.m; sourceTree = "<group>"; };
		71931EE51A3F60EE00133385 /* AFURLSessionManager.h */ = {isa = PBXFileReference; fileEncoding = 4; lastKnownFileType = sourcecode.c.h; path = AFURLSessionManager.h; sourceTree = "<group>"; };
		71931EE61A3F60EE00133385 /* AFURLSessionManager.m */ = {isa = PBXFileReference; fileEncoding = 4; lastKnownFileType = sourcecode.c.objc; path = AFURLSessionManager.m; sourceTree = "<group>"; };
		7195D79F1A1CA7E400A8C995 /* SqeedTableViewCell.h */ = {isa = PBXFileReference; fileEncoding = 4; lastKnownFileType = sourcecode.c.h; path = SqeedTableViewCell.h; sourceTree = "<group>"; };
		7195D7A01A1CA7E400A8C995 /* SqeedTableViewCell.m */ = {isa = PBXFileReference; fileEncoding = 4; lastKnownFileType = sourcecode.c.objc; path = SqeedTableViewCell.m; sourceTree = "<group>"; };
		7195D7B01A1E30B100A8C995 /* SqeedViewController.h */ = {isa = PBXFileReference; fileEncoding = 4; lastKnownFileType = sourcecode.c.h; path = SqeedViewController.h; sourceTree = "<group>"; };
		7195D7B11A1E30B100A8C995 /* SqeedViewController.m */ = {isa = PBXFileReference; fileEncoding = 4; lastKnownFileType = sourcecode.c.objc; path = SqeedViewController.m; sourceTree = "<group>"; };
		719968111A14FA6100974683 /* SqeedTime.app */ = {isa = PBXFileReference; explicitFileType = wrapper.application; includeInIndex = 0; path = SqeedTime.app; sourceTree = BUILT_PRODUCTS_DIR; };
		719968151A14FA6100974683 /* Info.plist */ = {isa = PBXFileReference; lastKnownFileType = text.plist.xml; path = Info.plist; sourceTree = "<group>"; };
		719968161A14FA6100974683 /* main.m */ = {isa = PBXFileReference; lastKnownFileType = sourcecode.c.objc; path = main.m; sourceTree = "<group>"; };
		719968181A14FA6100974683 /* AppDelegate.h */ = {isa = PBXFileReference; lastKnownFileType = sourcecode.c.h; path = AppDelegate.h; sourceTree = "<group>"; };
		719968191A14FA6100974683 /* AppDelegate.m */ = {isa = PBXFileReference; lastKnownFileType = sourcecode.c.objc; path = AppDelegate.m; sourceTree = "<group>"; };
		7199681B1A14FA6100974683 /* LoginViewController.h */ = {isa = PBXFileReference; lastKnownFileType = sourcecode.c.h; path = LoginViewController.h; sourceTree = "<group>"; };
		7199681C1A14FA6100974683 /* LoginViewController.m */ = {isa = PBXFileReference; lastKnownFileType = sourcecode.c.objc; path = LoginViewController.m; sourceTree = "<group>"; };
		7199681F1A14FA6100974683 /* Base */ = {isa = PBXFileReference; lastKnownFileType = file.storyboard; name = Base; path = Base.lproj/Main.storyboard; sourceTree = "<group>"; };
		719968211A14FA6100974683 /* Images.xcassets */ = {isa = PBXFileReference; lastKnownFileType = folder.assetcatalog; path = Images.xcassets; sourceTree = "<group>"; };
		719968241A14FA6100974683 /* Base */ = {isa = PBXFileReference; lastKnownFileType = file.xib; name = Base; path = Base.lproj/LaunchScreen.xib; sourceTree = "<group>"; };
		7199682A1A14FA6100974683 /* SqeedTimeTests.xctest */ = {isa = PBXFileReference; explicitFileType = wrapper.cfbundle; includeInIndex = 0; path = SqeedTimeTests.xctest; sourceTree = BUILT_PRODUCTS_DIR; };
		7199682F1A14FA6100974683 /* Info.plist */ = {isa = PBXFileReference; lastKnownFileType = text.plist.xml; path = Info.plist; sourceTree = "<group>"; };
		719968301A14FA6100974683 /* SqeedTimeTests.m */ = {isa = PBXFileReference; lastKnownFileType = sourcecode.c.objc; path = SqeedTimeTests.m; sourceTree = "<group>"; };
		7199683A1A14FA9B00974683 /* logo.png */ = {isa = PBXFileReference; lastKnownFileType = image.png; path = logo.png; sourceTree = "<group>"; };
		71AE881A1AA2B44B007AD138 /* MultiSelectSegmentedControl.h */ = {isa = PBXFileReference; fileEncoding = 4; lastKnownFileType = sourcecode.c.h; path = MultiSelectSegmentedControl.h; sourceTree = "<group>"; };
		71AE881B1AA2B44B007AD138 /* MultiSelectSegmentedControl.m */ = {isa = PBXFileReference; fileEncoding = 4; lastKnownFileType = sourcecode.c.objc; path = MultiSelectSegmentedControl.m; sourceTree = "<group>"; };
		71BC4EE41A62B489009D060B /* SearchFriendTableViewCell.h */ = {isa = PBXFileReference; fileEncoding = 4; lastKnownFileType = sourcecode.c.h; path = SearchFriendTableViewCell.h; sourceTree = "<group>"; };
		71BC4EE51A62B489009D060B /* SearchFriendTableViewCell.m */ = {isa = PBXFileReference; fileEncoding = 4; lastKnownFileType = sourcecode.c.objc; path = SearchFriendTableViewCell.m; sourceTree = "<group>"; };
		71BC4EE71A62BF4D009D060B /* ContactTableViewCell.h */ = {isa = PBXFileReference; fileEncoding = 4; lastKnownFileType = sourcecode.c.h; path = ContactTableViewCell.h; sourceTree = "<group>"; };
		71BC4EE81A62BF4D009D060B /* ContactTableViewCell.m */ = {isa = PBXFileReference; fileEncoding = 4; lastKnownFileType = sourcecode.c.objc; path = ContactTableViewCell.m; sourceTree = "<group>"; };
		71BC4EEA1A62D0A2009D060B /* MessageUI.framework */ = {isa = PBXFileReference; lastKnownFileType = wrapper.framework; name = MessageUI.framework; path = System/Library/Frameworks/MessageUI.framework; sourceTree = SDKROOT; };
		71CB18831A20E47400A6FB93 /* DismissModalSegue.h */ = {isa = PBXFileReference; fileEncoding = 4; lastKnownFileType = sourcecode.c.h; path = DismissModalSegue.h; sourceTree = "<group>"; };
		71CB18841A20E47400A6FB93 /* DismissModalSegue.m */ = {isa = PBXFileReference; fileEncoding = 4; lastKnownFileType = sourcecode.c.objc; path = DismissModalSegue.m; sourceTree = "<group>"; };
		71CB18911A20EA6B00A6FB93 /* ModalWhereViewController.h */ = {isa = PBXFileReference; fileEncoding = 4; lastKnownFileType = sourcecode.c.h; path = ModalWhereViewController.h; sourceTree = "<group>"; };
		71CB18921A20EA6B00A6FB93 /* ModalWhereViewController.m */ = {isa = PBXFileReference; fileEncoding = 4; lastKnownFileType = sourcecode.c.objc; path = ModalWhereViewController.m; sourceTree = "<group>"; };
		71CB18941A20EA7500A6FB93 /* ModalWhenViewController.h */ = {isa = PBXFileReference; fileEncoding = 4; lastKnownFileType = sourcecode.c.h; path = ModalWhenViewController.h; sourceTree = "<group>"; };
		71CB18951A20EA7500A6FB93 /* ModalWhenViewController.m */ = {isa = PBXFileReference; fileEncoding = 4; lastKnownFileType = sourcecode.c.objc; path = ModalWhenViewController.m; sourceTree = "<group>"; };
		71CB18971A20EA8A00A6FB93 /* ModalWhoViewController.h */ = {isa = PBXFileReference; fileEncoding = 4; lastKnownFileType = sourcecode.c.h; path = ModalWhoViewController.h; sourceTree = "<group>"; };
		71CB18981A20EA8A00A6FB93 /* ModalWhoViewController.m */ = {isa = PBXFileReference; fileEncoding = 4; lastKnownFileType = sourcecode.c.objc; path = ModalWhoViewController.m; sourceTree = "<group>"; };
		71CB189A1A20EA9700A6FB93 /* ModalWhatViewController.h */ = {isa = PBXFileReference; fileEncoding = 4; lastKnownFileType = sourcecode.c.h; path = ModalWhatViewController.h; sourceTree = "<group>"; };
		71CB189B1A20EA9700A6FB93 /* ModalWhatViewController.m */ = {isa = PBXFileReference; fileEncoding = 4; lastKnownFileType = sourcecode.c.objc; path = ModalWhatViewController.m; sourceTree = "<group>"; };
		71CDAE601A2A11C000186FDB /* AddFriendsViewController.h */ = {isa = PBXFileReference; fileEncoding = 4; lastKnownFileType = sourcecode.c.h; path = AddFriendsViewController.h; sourceTree = "<group>"; };
		71CDAE611A2A11C000186FDB /* AddFriendsViewController.m */ = {isa = PBXFileReference; fileEncoding = 4; lastKnownFileType = sourcecode.c.objc; path = AddFriendsViewController.m; sourceTree = "<group>"; };
		71CDAE631A2A173300186FDB /* FriendTableViewCell.h */ = {isa = PBXFileReference; fileEncoding = 4; lastKnownFileType = sourcecode.c.h; path = FriendTableViewCell.h; sourceTree = "<group>"; };
		71CDAE641A2A173300186FDB /* FriendTableViewCell.m */ = {isa = PBXFileReference; fileEncoding = 4; lastKnownFileType = sourcecode.c.objc; path = FriendTableViewCell.m; sourceTree = "<group>"; };
		71CDAE661A2B503500186FDB /* DatabaseManager.h */ = {isa = PBXFileReference; fileEncoding = 4; lastKnownFileType = sourcecode.c.h; path = DatabaseManager.h; sourceTree = "<group>"; };
		71CDAE671A2B503500186FDB /* DatabaseManager.m */ = {isa = PBXFileReference; fileEncoding = 4; lastKnownFileType = sourcecode.c.objc; path = DatabaseManager.m; sourceTree = "<group>"; };
		71CDAE691A2B511400186FDB /* Constants.h */ = {isa = PBXFileReference; fileEncoding = 4; lastKnownFileType = sourcecode.c.h; path = Constants.h; sourceTree = "<group>"; };
		71CDAE6A1A2B511400186FDB /* Constants.m */ = {isa = PBXFileReference; fileEncoding = 4; lastKnownFileType = sourcecode.c.objc; path = Constants.m; sourceTree = "<group>"; };
		71CDF0241A427BD400757EED /* SearchViewController.h */ = {isa = PBXFileReference; fileEncoding = 4; lastKnownFileType = sourcecode.c.h; path = SearchViewController.h; sourceTree = "<group>"; };
		71CDF0251A427BD400757EED /* SearchViewController.m */ = {isa = PBXFileReference; fileEncoding = 4; lastKnownFileType = sourcecode.c.objc; path = SearchViewController.m; sourceTree = "<group>"; };
		71CDF0291A428CFB00757EED /* AddFriendTableViewCell.h */ = {isa = PBXFileReference; fileEncoding = 4; lastKnownFileType = sourcecode.c.h; path = AddFriendTableViewCell.h; sourceTree = "<group>"; };
		71CDF02A1A428CFB00757EED /* AddFriendTableViewCell.m */ = {isa = PBXFileReference; fileEncoding = 4; lastKnownFileType = sourcecode.c.objc; path = AddFriendTableViewCell.m; sourceTree = "<group>"; };
		71CDF02C1A42A14800757EED /* AddressBook.framework */ = {isa = PBXFileReference; lastKnownFileType = wrapper.framework; name = AddressBook.framework; path = System/Library/Frameworks/AddressBook.framework; sourceTree = SDKROOT; };
		71CDF02E1A42A18000757EED /* AddressBookUI.framework */ = {isa = PBXFileReference; lastKnownFileType = wrapper.framework; name = AddressBookUI.framework; path = System/Library/Frameworks/AddressBookUI.framework; sourceTree = SDKROOT; };
		71D3E0F71AA4B2A100CCAA03 /* FilterCollectionViewCell.h */ = {isa = PBXFileReference; fileEncoding = 4; lastKnownFileType = sourcecode.c.h; path = FilterCollectionViewCell.h; sourceTree = "<group>"; };
		71D3E0F81AA4B2A100CCAA03 /* FilterCollectionViewCell.m */ = {isa = PBXFileReference; fileEncoding = 4; lastKnownFileType = sourcecode.c.objc; path = FilterCollectionViewCell.m; sourceTree = "<group>"; };
		71DFA9D31A9B81FE000BA3D0 /* logo-120.png */ = {isa = PBXFileReference; lastKnownFileType = image.png; path = "logo-120.png"; sourceTree = "<group>"; };
		71DFA9D41A9B81FE000BA3D0 /* logo-180.png */ = {isa = PBXFileReference; lastKnownFileType = image.png; path = "logo-180.png"; sourceTree = "<group>"; };
		71DFA9D51A9B81FE000BA3D0 /* logo-430.png */ = {isa = PBXFileReference; lastKnownFileType = image.png; path = "logo-430.png"; sourceTree = "<group>"; };
		71DFA9D61A9B81FE000BA3D0 /* logo-1024.png */ = {isa = PBXFileReference; lastKnownFileType = image.png; path = "logo-1024.png"; sourceTree = "<group>"; };
		71DFA9DC1A9BD6C7000BA3D0 /* ChatViewController.h */ = {isa = PBXFileReference; fileEncoding = 4; lastKnownFileType = sourcecode.c.h; path = ChatViewController.h; sourceTree = "<group>"; };
		71DFA9DD1A9BD6C7000BA3D0 /* ChatViewController.m */ = {isa = PBXFileReference; fileEncoding = 4; lastKnownFileType = sourcecode.c.objc; path = ChatViewController.m; sourceTree = "<group>"; };
		71DFA9DF1A9BD823000BA3D0 /* ChatCollectionViewCell.h */ = {isa = PBXFileReference; fileEncoding = 4; lastKnownFileType = sourcecode.c.h; path = ChatCollectionViewCell.h; sourceTree = "<group>"; };
		71DFA9E01A9BD823000BA3D0 /* ChatCollectionViewCell.m */ = {isa = PBXFileReference; fileEncoding = 4; lastKnownFileType = sourcecode.c.objc; path = ChatCollectionViewCell.m; sourceTree = "<group>"; };
		71EA18871A434FB00059BCDD /* DismissSegue.h */ = {isa = PBXFileReference; fileEncoding = 4; lastKnownFileType = sourcecode.c.h; path = DismissSegue.h; sourceTree = "<group>"; };
		71EA18881A434FB00059BCDD /* DismissSegue.m */ = {isa = PBXFileReference; fileEncoding = 4; lastKnownFileType = sourcecode.c.objc; path = DismissSegue.m; sourceTree = "<group>"; };
		71ECFCD11A90E5B300C55382 /* VoteOption.h */ = {isa = PBXFileReference; fileEncoding = 4; lastKnownFileType = sourcecode.c.h; path = VoteOption.h; sourceTree = "<group>"; };
		71ECFCD21A90E5B300C55382 /* VoteOption.m */ = {isa = PBXFileReference; fileEncoding = 4; lastKnownFileType = sourcecode.c.objc; path = VoteOption.m; sourceTree = "<group>"; };
		71F92A421AF5022200ED2231 /* sqeedtime.png */ = {isa = PBXFileReference; lastKnownFileType = image.png; path = sqeedtime.png; sourceTree = "<group>"; };
/* End PBXFileReference section */

/* Begin PBXFrameworksBuildPhase section */
		7199680E1A14FA6100974683 /* Frameworks */ = {
			isa = PBXFrameworksBuildPhase;
			buildActionMask = 2147483647;
			files = (
				71BC4EEB1A62D0A2009D060B /* MessageUI.framework in Frameworks */,
				71CDF02F1A42A18000757EED /* AddressBookUI.framework in Frameworks */,
				71CDF02D1A42A14800757EED /* AddressBook.framework in Frameworks */,
				710CBF651A2331160077B2B7 /* QuartzCore.framework in Frameworks */,
				71290CDF1A1FE619003B7B09 /* MapKit.framework in Frameworks */,
			);
			runOnlyForDeploymentPostprocessing = 0;
		};
		719968271A14FA6100974683 /* Frameworks */ = {
			isa = PBXFrameworksBuildPhase;
			buildActionMask = 2147483647;
			files = (
			);
			runOnlyForDeploymentPostprocessing = 0;
		};
/* End PBXFrameworksBuildPhase section */

/* Begin PBXGroup section */
		710CBF631A2330E20077B2B7 /* Segues */ = {
			isa = PBXGroup;
			children = (
				71EA18871A434FB00059BCDD /* DismissSegue.h */,
				71EA18881A434FB00059BCDD /* DismissSegue.m */,
				71CB18831A20E47400A6FB93 /* DismissModalSegue.h */,
				71CB18841A20E47400A6FB93 /* DismissModalSegue.m */,
			);
			name = Segues;
			sourceTree = "<group>";
		};
		71290CC71A1F9C6F003B7B09 /* Settings */ = {
			isa = PBXGroup;
			children = (
				71290C211A1F5C2B003B7B09 /* SettingsViewController.h */,
				71290C221A1F5C2B003B7B09 /* SettingsViewController.m */,
				71290CCC1A1FC3DC003B7B09 /* EditSettingsViewController.h */,
				71290CCD1A1FC3DC003B7B09 /* EditSettingsViewController.m */,
				71290CCF1A1FC3F3003B7B09 /* DisplaySettingsViewController.h */,
				71290CD01A1FC3F3003B7B09 /* DisplaySettingsViewController.m */,
			);
			name = Settings;
			sourceTree = "<group>";
		};
		71290CC81A1F9C83003B7B09 /* Sqeed */ = {
			isa = PBXGroup;
			children = (
				712B546E1A65717700AAABE2 /* SqeedsViewController.h */,
				712B546F1A65717700AAABE2 /* SqeedsViewController.m */,
				71290CE61A1FF31C003B7B09 /* CreateSqeed */,
				7195D7B01A1E30B100A8C995 /* SqeedViewController.h */,
				7195D7B11A1E30B100A8C995 /* SqeedViewController.m */,
			);
			name = Sqeed;
			sourceTree = "<group>";
		};
		71290CE61A1FF31C003B7B09 /* CreateSqeed */ = {
			isa = PBXGroup;
			children = (
				71CDAE601A2A11C000186FDB /* AddFriendsViewController.h */,
				71CDAE611A2A11C000186FDB /* AddFriendsViewController.m */,
				71CB189D1A20EAB200A6FB93 /* Modals */,
				71290CE01A1FF2F8003B7B09 /* CreateSqeedViewController.h */,
				71290CE11A1FF2F8003B7B09 /* CreateSqeedViewController.m */,
			);
			name = CreateSqeed;
			sourceTree = "<group>";
		};
		714B1E151A4143C80025BEA6 /* Assets */ = {
			isa = PBXGroup;
			children = (
				714B1EB11A4258250025BEA6 /* blurbg.jpg */,
				71DFA9DB1A9B8206000BA3D0 /* Logos */,
				714B1E171A4143DF0025BEA6 /* Icons */,
			);
			name = Assets;
			sourceTree = "<group>";
		};
		714B1E171A4143DF0025BEA6 /* Icons */ = {
			isa = PBXGroup;
			children = (
				714B1E831A42227D0025BEA6 /* Social */,
				714B1E421A4221520025BEA6 /* Friends */,
				714B1E411A4221190025BEA6 /* Navigation */,
				714B1E401A4221130025BEA6 /* Categories */,
				714B1E3F1A42210A0025BEA6 /* Sqeed */,
			);
			name = Icons;
			sourceTree = "<group>";
		};
		714B1E3F1A42210A0025BEA6 /* Sqeed */ = {
			isa = PBXGroup;
			children = (
				714B1E8C1A42249C0025BEA6 /* who.png */,
				714B1E541A42226C0025BEA6 /* public.png */,
				714B1E591A42226C0025BEA6 /* phone.png */,
				714B1E461A42226C0025BEA6 /* email.png */,
				714B1E491A42226C0025BEA6 /* time.png */,
				714B1E5C1A42226C0025BEA6 /* delete.png */,
				714B1E611A42226D0025BEA6 /* private.png */,
				714B1E841A4223920025BEA6 /* what.png */,
				714B1E8A1A4223A20025BEA6 /* when.png */,
				714B1E861A4223920025BEA6 /* where.png */,
			);
			name = Sqeed;
			sourceTree = "<group>";
		};
		714B1E401A4221130025BEA6 /* Categories */ = {
			isa = PBXGroup;
			children = (
				714B1E481A42226C0025BEA6 /* 5.png */,
				714B1E561A42226C0025BEA6 /* 1.png */,
				714B1E551A42226C0025BEA6 /* 3.png */,
				714B1E5F1A42226D0025BEA6 /* 2.png */,
				714B1E501A42226C0025BEA6 /* 4.png */,
				71739B021B0A425400BCC52D /* 1-sel.png */,
				71739B031B0A425400BCC52D /* 2-sel.png */,
				71739B041B0A425400BCC52D /* 3-sel.png */,
				71739B051B0A425400BCC52D /* 4-sel.png */,
				71739B061B0A425400BCC52D /* 5-sel.png */,
			);
			name = Categories;
			sourceTree = "<group>";
		};
		714B1E411A4221190025BEA6 /* Navigation */ = {
			isa = PBXGroup;
			children = (
				714B1E511A42226C0025BEA6 /* menu.png */,
				714B1E4F1A42226C0025BEA6 /* search.png */,
				714B1EAD1A42343F0025BEA6 /* larr.png */,
				714B1EAE1A42343F0025BEA6 /* list.png */,
				714B1E5B1A42226C0025BEA6 /* power.png */,
				714B1E4A1A42226C0025BEA6 /* close.png */,
				714B1E5D1A42226C0025BEA6 /* next.png */,
				714B1E441A42226C0025BEA6 /* rarr.png */,
			);
			name = Navigation;
			sourceTree = "<group>";
		};
		714B1E421A4221520025BEA6 /* Friends */ = {
			isa = PBXGroup;
			children = (
				710E52631A96145000E06220 /* black48.png */,
				714B1E581A42226C0025BEA6 /* phone45.png */,
				710D07B61A682B5D004A3E4D /* remove.png */,
				714B1E521A42226C0025BEA6 /* notebook.png */,
				714B1E431A42226C0025BEA6 /* add.png */,
			);
			name = Friends;
			sourceTree = "<group>";
		};
		714B1E831A42227D0025BEA6 /* Social */ = {
			isa = PBXGroup;
			children = (
				714B1E601A42226D0025BEA6 /* social38.png */,
				714B1E4B1A42226C0025BEA6 /* facebook1.png */,
				714B1E4C1A42226C0025BEA6 /* facebook55.png */,
				714B1E4D1A42226C0025BEA6 /* instagram12.png */,
				714B1E621A42226D0025BEA6 /* twitter33.png */,
			);
			name = Social;
			sourceTree = "<group>";
		};
		715E9DAF1A23A25F007D4006 /* Models */ = {
			isa = PBXGroup;
			children = (
				71328CB91AC029F1005CF10A /* Contact.h */,
				71328CBA1AC029F1005CF10A /* Contact.m */,
				715E9E161A24B4CF007D4006 /* SqeedCategory.h */,
				715E9E171A24B4CF007D4006 /* SqeedCategory.m */,
				715E9DAC1A23A258007D4006 /* Sqeed.h */,
				715E9DAD1A23A258007D4006 /* Sqeed.m */,
				715E9DA91A23A24A007D4006 /* User.h */,
				715E9DAA1A23A24A007D4006 /* User.m */,
				71ECFCD11A90E5B300C55382 /* VoteOption.h */,
				71ECFCD21A90E5B300C55382 /* VoteOption.m */,
				71345B701A9C2B1D008902A7 /* Message.h */,
				71345B711A9C2B1E008902A7 /* Message.m */,
			);
			name = Models;
			sourceTree = "<group>";
		};
		715E9DB01A23A2D1007D4006 /* Images */ = {
			isa = PBXGroup;
			children = (
				7199683A1A14FA9B00974683 /* logo.png */,
				7195D7AC1A1CB97400A8C995 /* Icons */,
			);
			name = Images;
			sourceTree = "<group>";
		};
		715E9DB11A23A35C007D4006 /* ViewControllers */ = {
			isa = PBXGroup;
			children = (
				71DFA9DC1A9BD6C7000BA3D0 /* ChatViewController.h */,
				71DFA9DD1A9BD6C7000BA3D0 /* ChatViewController.m */,
				71CDF0241A427BD400757EED /* SearchViewController.h */,
				71CDF0251A427BD400757EED /* SearchViewController.m */,
				714B1EB31A42688A0025BEA6 /* FriendsViewController.h */,
				714B1EB41A42688A0025BEA6 /* FriendsViewController.m */,
				71290CC81A1F9C83003B7B09 /* Sqeed */,
				71290CC71A1F9C6F003B7B09 /* Settings */,
				7199681B1A14FA6100974683 /* LoginViewController.h */,
				7199681C1A14FA6100974683 /* LoginViewController.m */,
				715E9DA61A23A07C007D4006 /* RootViewController.h */,
				715E9DA71A23A07D007D4006 /* RootViewController.m */,
				71290CD81A1FC61E003B7B09 /* MapViewController.h */,
				71290CD91A1FC61E003B7B09 /* MapViewController.m */,
			);
			name = ViewControllers;
			sourceTree = "<group>";
		};
		715E9E191A24B614007D4006 /* Classes */ = {
			isa = PBXGroup;
			children = (
				715E9E131A24AF5A007D4006 /* CacheHandler.h */,
				715E9E141A24AF5A007D4006 /* CacheHandler.m */,
				71630B901A27ADD000E71015 /* AlertHelper.h */,
				71630B911A27ADD000E71015 /* AlertHelper.m */,
				71CDAE661A2B503500186FDB /* DatabaseManager.h */,
				71CDAE671A2B503500186FDB /* DatabaseManager.m */,
				71CDAE691A2B511400186FDB /* Constants.h */,
				71CDAE6A1A2B511400186FDB /* Constants.m */,
			);
			name = Classes;
			sourceTree = "<group>";
		};
		715E9E1B1A24B63E007D4006 /* ViewCells */ = {
			isa = PBXGroup;
			children = (
				715EC08C1AA7DB8600EB9E33 /* SuggestionTableViewCell.h */,
				715EC08D1AA7DB8600EB9E33 /* SuggestionTableViewCell.m */,
				71D3E0F71AA4B2A100CCAA03 /* FilterCollectionViewCell.h */,
				71D3E0F81AA4B2A100CCAA03 /* FilterCollectionViewCell.m */,
				71DFA9DF1A9BD823000BA3D0 /* ChatCollectionViewCell.h */,
				71DFA9E01A9BD823000BA3D0 /* ChatCollectionViewCell.m */,
				712B54711A6619CC00AAABE2 /* SqeedCollectionViewCell.h */,
				712B54721A6619CC00AAABE2 /* SqeedCollectionViewCell.m */,
				712B54741A6619ED00AAABE2 /* DetailedSqeedCollectionViewCell.h */,
				712B54751A6619ED00AAABE2 /* DetailedSqeedCollectionViewCell.m */,
				71BC4EE71A62BF4D009D060B /* ContactTableViewCell.h */,
				71BC4EE81A62BF4D009D060B /* ContactTableViewCell.m */,
				71BC4EE41A62B489009D060B /* SearchFriendTableViewCell.h */,
				71BC4EE51A62B489009D060B /* SearchFriendTableViewCell.m */,
				71CDF0291A428CFB00757EED /* AddFriendTableViewCell.h */,
				71CDF02A1A428CFB00757EED /* AddFriendTableViewCell.m */,
				714B1E381A41F5CA0025BEA6 /* DetailsSqeedTableViewCell.h */,
				714B1E391A41F5CA0025BEA6 /* DetailsSqeedTableViewCell.m */,
				71CDAE631A2A173300186FDB /* FriendTableViewCell.h */,
				71CDAE641A2A173300186FDB /* FriendTableViewCell.m */,
				7195D79F1A1CA7E400A8C995 /* SqeedTableViewCell.h */,
				7195D7A01A1CA7E400A8C995 /* SqeedTableViewCell.m */,
				71290C271A1F5C8A003B7B09 /* SettingsTableViewCell.h */,
				71290C281A1F5C8A003B7B09 /* SettingsTableViewCell.m */,
			);
			name = ViewCells;
			sourceTree = "<group>";
		};
		715E9E1C1A24B64F007D4006 /* ExternalLibraries */ = {
			isa = PBXGroup;
			children = (
				71AE881A1AA2B44B007AD138 /* MultiSelectSegmentedControl.h */,
				71AE881B1AA2B44B007AD138 /* MultiSelectSegmentedControl.m */,
				714B1EA81A422DD40025BEA6 /* UIImage+ImageEffects.h */,
				714B1EA91A422DD40025BEA6 /* UIImage+ImageEffects.m */,
				71931ED31A3F60ED00133385 /* AFNetworking */,
			);
			name = ExternalLibraries;
			sourceTree = "<group>";
		};
		71931ED31A3F60ED00133385 /* AFNetworking */ = {
			isa = PBXGroup;
			children = (
				71931ED41A3F60ED00133385 /* AFHTTPRequestOperation.h */,
				71931ED51A3F60ED00133385 /* AFHTTPRequestOperation.m */,
				71931ED61A3F60ED00133385 /* AFHTTPRequestOperationManager.h */,
				71931ED71A3F60ED00133385 /* AFHTTPRequestOperationManager.m */,
				71931ED81A3F60ED00133385 /* AFHTTPSessionManager.h */,
				71931ED91A3F60ED00133385 /* AFHTTPSessionManager.m */,
				71931EDA1A3F60ED00133385 /* AFNetworking.h */,
				71931EDB1A3F60ED00133385 /* AFNetworkReachabilityManager.h */,
				71931EDC1A3F60EE00133385 /* AFNetworkReachabilityManager.m */,
				71931EDD1A3F60EE00133385 /* AFSecurityPolicy.h */,
				71931EDE1A3F60EE00133385 /* AFSecurityPolicy.m */,
				71931EDF1A3F60EE00133385 /* AFURLConnectionOperation.h */,
				71931EE01A3F60EE00133385 /* AFURLConnectionOperation.m */,
				71931EE11A3F60EE00133385 /* AFURLRequestSerialization.h */,
				71931EE21A3F60EE00133385 /* AFURLRequestSerialization.m */,
				71931EE31A3F60EE00133385 /* AFURLResponseSerialization.h */,
				71931EE41A3F60EE00133385 /* AFURLResponseSerialization.m */,
				71931EE51A3F60EE00133385 /* AFURLSessionManager.h */,
				71931EE61A3F60EE00133385 /* AFURLSessionManager.m */,
			);
			path = AFNetworking;
			sourceTree = "<group>";
		};
		7195D7AC1A1CB97400A8C995 /* Icons */ = {
			isa = PBXGroup;
			children = (
				715E9DBB1A23B85F007D4006 /* icon-settings.png */,
			);
			name = Icons;
			sourceTree = "<group>";
		};
		719968081A14FA6100974683 = {
			isa = PBXGroup;
			children = (
				71BC4EEA1A62D0A2009D060B /* MessageUI.framework */,
				71CDF02E1A42A18000757EED /* AddressBookUI.framework */,
				71CDF02C1A42A14800757EED /* AddressBook.framework */,
				710CBF641A2331160077B2B7 /* QuartzCore.framework */,
				71290CDE1A1FE619003B7B09 /* MapKit.framework */,
				719968131A14FA6100974683 /* SqeedTime */,
				7199682D1A14FA6100974683 /* SqeedTimeTests */,
				719968121A14FA6100974683 /* Products */,
			);
			sourceTree = "<group>";
		};
		719968121A14FA6100974683 /* Products */ = {
			isa = PBXGroup;
			children = (
				719968111A14FA6100974683 /* SqeedTime.app */,
				7199682A1A14FA6100974683 /* SqeedTimeTests.xctest */,
			);
			name = Products;
			sourceTree = "<group>";
		};
		719968131A14FA6100974683 /* SqeedTime */ = {
			isa = PBXGroup;
			children = (
				714B1E151A4143C80025BEA6 /* Assets */,
				719968181A14FA6100974683 /* AppDelegate.h */,
				719968191A14FA6100974683 /* AppDelegate.m */,
				715E9E191A24B614007D4006 /* Classes */,
				715E9E1C1A24B64F007D4006 /* ExternalLibraries */,
				715E9DB01A23A2D1007D4006 /* Images */,
				719968211A14FA6100974683 /* Images.xcassets */,
				719968231A14FA6100974683 /* LaunchScreen.xib */,
				7199681E1A14FA6100974683 /* Main.storyboard */,
				715E9DAF1A23A25F007D4006 /* Models */,
				710CBF631A2330E20077B2B7 /* Segues */,
				719968141A14FA6100974683 /* Supporting Files */,
				715E9E1B1A24B63E007D4006 /* ViewCells */,
				715E9DB11A23A35C007D4006 /* ViewControllers */,
			);
			path = SqeedTime;
			sourceTree = "<group>";
		};
		719968141A14FA6100974683 /* Supporting Files */ = {
			isa = PBXGroup;
			children = (
				719968151A14FA6100974683 /* Info.plist */,
				719968161A14FA6100974683 /* main.m */,
			);
			name = "Supporting Files";
			sourceTree = "<group>";
		};
		7199682D1A14FA6100974683 /* SqeedTimeTests */ = {
			isa = PBXGroup;
			children = (
				719968301A14FA6100974683 /* SqeedTimeTests.m */,
				7199682E1A14FA6100974683 /* Supporting Files */,
			);
			path = SqeedTimeTests;
			sourceTree = "<group>";
		};
		7199682E1A14FA6100974683 /* Supporting Files */ = {
			isa = PBXGroup;
			children = (
				7199682F1A14FA6100974683 /* Info.plist */,
			);
			name = "Supporting Files";
			sourceTree = "<group>";
		};
		71CB189D1A20EAB200A6FB93 /* Modals */ = {
			isa = PBXGroup;
			children = (
				71CB18911A20EA6B00A6FB93 /* ModalWhereViewController.h */,
				71CB18921A20EA6B00A6FB93 /* ModalWhereViewController.m */,
				71CB18941A20EA7500A6FB93 /* ModalWhenViewController.h */,
				71CB18951A20EA7500A6FB93 /* ModalWhenViewController.m */,
				71CB18971A20EA8A00A6FB93 /* ModalWhoViewController.h */,
				71CB18981A20EA8A00A6FB93 /* ModalWhoViewController.m */,
				71CB189A1A20EA9700A6FB93 /* ModalWhatViewController.h */,
				71CB189B1A20EA9700A6FB93 /* ModalWhatViewController.m */,
			);
			name = Modals;
			sourceTree = "<group>";
		};
		71DFA9DB1A9B8206000BA3D0 /* Logos */ = {
			isa = PBXGroup;
			children = (
				71DFA9D31A9B81FE000BA3D0 /* logo-120.png */,
				71DFA9D41A9B81FE000BA3D0 /* logo-180.png */,
				71DFA9D51A9B81FE000BA3D0 /* logo-430.png */,
				71DFA9D61A9B81FE000BA3D0 /* logo-1024.png */,
				71F92A421AF5022200ED2231 /* sqeedtime.png */,
			);
			name = Logos;
			sourceTree = "<group>";
		};
/* End PBXGroup section */

/* Begin PBXNativeTarget section */
		719968101A14FA6100974683 /* SqeedTime */ = {
			isa = PBXNativeTarget;
			buildConfigurationList = 719968341A14FA6100974683 /* Build configuration list for PBXNativeTarget "SqeedTime" */;
			buildPhases = (
				7199680D1A14FA6100974683 /* Sources */,
				7199680E1A14FA6100974683 /* Frameworks */,
				7199680F1A14FA6100974683 /* Resources */,
			);
			buildRules = (
			);
			dependencies = (
			);
			name = SqeedTime;
			productName = SqeedTime;
			productReference = 719968111A14FA6100974683 /* SqeedTime.app */;
			productType = "com.apple.product-type.application";
		};
		719968291A14FA6100974683 /* SqeedTimeTests */ = {
			isa = PBXNativeTarget;
			buildConfigurationList = 719968371A14FA6100974683 /* Build configuration list for PBXNativeTarget "SqeedTimeTests" */;
			buildPhases = (
				719968261A14FA6100974683 /* Sources */,
				719968271A14FA6100974683 /* Frameworks */,
				719968281A14FA6100974683 /* Resources */,
			);
			buildRules = (
			);
			dependencies = (
				7199682C1A14FA6100974683 /* PBXTargetDependency */,
			);
			name = SqeedTimeTests;
			productName = SqeedTimeTests;
			productReference = 7199682A1A14FA6100974683 /* SqeedTimeTests.xctest */;
			productType = "com.apple.product-type.bundle.unit-test";
		};
/* End PBXNativeTarget section */

/* Begin PBXProject section */
		719968091A14FA6100974683 /* Project object */ = {
			isa = PBXProject;
			attributes = {
				LastUpgradeCheck = 0610;
				ORGANIZATIONNAME = "Net Production Köbe & Co";
				TargetAttributes = {
					719968101A14FA6100974683 = {
						CreatedOnToolsVersion = 6.1;
						DevelopmentTeam = MRCQ9HM8UB;
					};
					719968291A14FA6100974683 = {
						CreatedOnToolsVersion = 6.1;
						TestTargetID = 719968101A14FA6100974683;
					};
				};
			};
			buildConfigurationList = 7199680C1A14FA6100974683 /* Build configuration list for PBXProject "SqeedTime" */;
			compatibilityVersion = "Xcode 3.2";
			developmentRegion = English;
			hasScannedForEncodings = 0;
			knownRegions = (
				en,
				Base,
				de,
				es,
				fr,
				he,
				it,
				nl,
				pl,
				pt,
				ro,
				ru,
				tr,
				"zh-Hans",
				"zh-Hant",
			);
			mainGroup = 719968081A14FA6100974683;
			productRefGroup = 719968121A14FA6100974683 /* Products */;
			projectDirPath = "";
			projectRoot = "";
			targets = (
				719968101A14FA6100974683 /* SqeedTime */,
				719968291A14FA6100974683 /* SqeedTimeTests */,
			);
		};
/* End PBXProject section */

/* Begin PBXResourcesBuildPhase section */
		7199680F1A14FA6100974683 /* Resources */ = {
			isa = PBXResourcesBuildPhase;
			buildActionMask = 2147483647;
			files = (
				714B1E811A42226D0025BEA6 /* private.png in Resources */,
				71F92A431AF5022200ED2231 /* sqeedtime.png in Resources */,
				714B1E8B1A4223A20025BEA6 /* when.png in Resources */,
				7199683B1A14FA9B00974683 /* logo.png in Resources */,
				714B1E701A42226D0025BEA6 /* 4.png in Resources */,
				714B1E821A42226D0025BEA6 /* twitter33.png in Resources */,
				714B1E8D1A42249C0025BEA6 /* who.png in Resources */,
				71DFA9D91A9B81FE000BA3D0 /* logo-430.png in Resources */,
				715E9DCA1A23B85F007D4006 /* icon-settings.png in Resources */,
				714B1E6C1A42226D0025BEA6 /* facebook55.png in Resources */,
				714B1E721A42226D0025BEA6 /* notebook.png in Resources */,
				714B1E7D1A42226D0025BEA6 /* next.png in Resources */,
				71DFA9D81A9B81FE000BA3D0 /* logo-180.png in Resources */,
				714B1E6D1A42226D0025BEA6 /* instagram12.png in Resources */,
				714B1E751A42226D0025BEA6 /* 3.png in Resources */,
				719968201A14FA6100974683 /* Main.storyboard in Resources */,
				714B1E7C1A42226D0025BEA6 /* delete.png in Resources */,
				714B1EAF1A42343F0025BEA6 /* larr.png in Resources */,
				710D07B71A682B5D004A3E4D /* remove.png in Resources */,
				71DFA9D71A9B81FE000BA3D0 /* logo-120.png in Resources */,
				71739B091B0A425400BCC52D /* 3-sel.png in Resources */,
				714B1E691A42226D0025BEA6 /* time.png in Resources */,
				71739B081B0A425400BCC52D /* 2-sel.png in Resources */,
				71739B0B1B0A425400BCC52D /* 5-sel.png in Resources */,
				714B1EB21A4258250025BEA6 /* blurbg.jpg in Resources */,
				714B1E7F1A42226D0025BEA6 /* 2.png in Resources */,
				714B1E801A42226D0025BEA6 /* social38.png in Resources */,
				71DFA9DA1A9B81FE000BA3D0 /* logo-1024.png in Resources */,
				710E52641A96145000E06220 /* black48.png in Resources */,
				714B1E6B1A42226D0025BEA6 /* facebook1.png in Resources */,
				714B1E7B1A42226D0025BEA6 /* power.png in Resources */,
				714B1E681A42226D0025BEA6 /* 5.png in Resources */,
				714B1E761A42226D0025BEA6 /* 1.png in Resources */,
				714B1E711A42226D0025BEA6 /* menu.png in Resources */,
				71739B0A1B0A425400BCC52D /* 4-sel.png in Resources */,
				71739B071B0A425400BCC52D /* 1-sel.png in Resources */,
				714B1E791A42226D0025BEA6 /* phone.png in Resources */,
				714B1E741A42226D0025BEA6 /* public.png in Resources */,
				714B1E781A42226D0025BEA6 /* phone45.png in Resources */,
				719968251A14FA6100974683 /* LaunchScreen.xib in Resources */,
				714B1EB01A42343F0025BEA6 /* list.png in Resources */,
				719968221A14FA6100974683 /* Images.xcassets in Resources */,
				714B1E6F1A42226D0025BEA6 /* search.png in Resources */,
				714B1E871A4223920025BEA6 /* what.png in Resources */,
				714B1E641A42226D0025BEA6 /* rarr.png in Resources */,
				714B1E661A42226D0025BEA6 /* email.png in Resources */,
				714B1E631A42226D0025BEA6 /* add.png in Resources */,
				714B1E891A4223920025BEA6 /* where.png in Resources */,
				714B1E6A1A42226D0025BEA6 /* close.png in Resources */,
			);
			runOnlyForDeploymentPostprocessing = 0;
		};
		719968281A14FA6100974683 /* Resources */ = {
			isa = PBXResourcesBuildPhase;
			buildActionMask = 2147483647;
			files = (
			);
			runOnlyForDeploymentPostprocessing = 0;
		};
/* End PBXResourcesBuildPhase section */

/* Begin PBXSourcesBuildPhase section */
		7199680D1A14FA6100974683 /* Sources */ = {
			isa = PBXSourcesBuildPhase;
			buildActionMask = 2147483647;
			files = (
				7199681D1A14FA6100974683 /* LoginViewController.m in Sources */,
				71931EE71A3F60EE00133385 /* AFHTTPRequestOperation.m in Sources */,
				714B1EAA1A422DD40025BEA6 /* UIImage+ImageEffects.m in Sources */,
				7199681A1A14FA6100974683 /* AppDelegate.m in Sources */,
				71CB189C1A20EA9700A6FB93 /* ModalWhatViewController.m in Sources */,
				71931EEB1A3F60EE00133385 /* AFSecurityPolicy.m in Sources */,
				71290CCE1A1FC3DC003B7B09 /* EditSettingsViewController.m in Sources */,
				71BC4EE61A62B489009D060B /* SearchFriendTableViewCell.m in Sources */,
				71290C231A1F5C2B003B7B09 /* SettingsViewController.m in Sources */,
				715E9DAE1A23A258007D4006 /* Sqeed.m in Sources */,
				71CDAE6B1A2B511400186FDB /* Constants.m in Sources */,
				71931EED1A3F60EE00133385 /* AFURLRequestSerialization.m in Sources */,
				71DFA9E11A9BD823000BA3D0 /* ChatCollectionViewCell.m in Sources */,
				71345B721A9C2B1E008902A7 /* Message.m in Sources */,
				71EA18891A434FB00059BCDD /* DismissSegue.m in Sources */,
				71ECFCD31A90E5B300C55382 /* VoteOption.m in Sources */,
				71328CBB1AC029F1005CF10A /* Contact.m in Sources */,
				71630B921A27ADD000E71015 /* AlertHelper.m in Sources */,
				71290C291A1F5C8A003B7B09 /* SettingsTableViewCell.m in Sources */,
				71CDF02B1A428CFB00757EED /* AddFriendTableViewCell.m in Sources */,
				71931EEE1A3F60EE00133385 /* AFURLResponseSerialization.m in Sources */,
				71CB18931A20EA6B00A6FB93 /* ModalWhereViewController.m in Sources */,
				714B1E3A1A41F5CA0025BEA6 /* DetailsSqeedTableViewCell.m in Sources */,
				71CDAE621A2A11C000186FDB /* AddFriendsViewController.m in Sources */,
				71CDAE651A2A173300186FDB /* FriendTableViewCell.m in Sources */,
				715E9DA81A23A07D007D4006 /* RootViewController.m in Sources */,
				71CB18851A20E47400A6FB93 /* DismissModalSegue.m in Sources */,
				715E9E151A24AF5A007D4006 /* CacheHandler.m in Sources */,
				71CB18991A20EA8A00A6FB93 /* ModalWhoViewController.m in Sources */,
				715EC08E1AA7DB8600EB9E33 /* SuggestionTableViewCell.m in Sources */,
				71931EEA1A3F60EE00133385 /* AFNetworkReachabilityManager.m in Sources */,
				7195D7B21A1E30B100A8C995 /* SqeedViewController.m in Sources */,
				71D3E0F91AA4B2A100CCAA03 /* FilterCollectionViewCell.m in Sources */,
				715E9DAB1A23A24A007D4006 /* User.m in Sources */,
				7195D7A11A1CA7E400A8C995 /* SqeedTableViewCell.m in Sources */,
				71CDF0261A427BD400757EED /* SearchViewController.m in Sources */,
				714B1EB51A42688A0025BEA6 /* FriendsViewController.m in Sources */,
				71290CE21A1FF2F8003B7B09 /* CreateSqeedViewController.m in Sources */,
				712B54761A6619ED00AAABE2 /* DetailedSqeedCollectionViewCell.m in Sources */,
				715E9E181A24B4CF007D4006 /* SqeedCategory.m in Sources */,
				71290CD11A1FC3F3003B7B09 /* DisplaySettingsViewController.m in Sources */,
				71931EE91A3F60EE00133385 /* AFHTTPSessionManager.m in Sources */,
				71BC4EE91A62BF4D009D060B /* ContactTableViewCell.m in Sources */,
				71931EEF1A3F60EE00133385 /* AFURLSessionManager.m in Sources */,
				71DFA9DE1A9BD6C7000BA3D0 /* ChatViewController.m in Sources */,
				71931EEC1A3F60EE00133385 /* AFURLConnectionOperation.m in Sources */,
				719968171A14FA6100974683 /* main.m in Sources */,
				71931EE81A3F60EE00133385 /* AFHTTPRequestOperationManager.m in Sources */,
				71CB18961A20EA7500A6FB93 /* ModalWhenViewController.m in Sources */,
				71CDAE681A2B503500186FDB /* DatabaseManager.m in Sources */,
				712B54731A6619CC00AAABE2 /* SqeedCollectionViewCell.m in Sources */,
				71290CDA1A1FC61E003B7B09 /* MapViewController.m in Sources */,
				712B54701A65717700AAABE2 /* SqeedsViewController.m in Sources */,
				71AE881C1AA2B44B007AD138 /* MultiSelectSegmentedControl.m in Sources */,
			);
			runOnlyForDeploymentPostprocessing = 0;
		};
		719968261A14FA6100974683 /* Sources */ = {
			isa = PBXSourcesBuildPhase;
			buildActionMask = 2147483647;
			files = (
				719968311A14FA6100974683 /* SqeedTimeTests.m in Sources */,
			);
			runOnlyForDeploymentPostprocessing = 0;
		};
/* End PBXSourcesBuildPhase section */

/* Begin PBXTargetDependency section */
		7199682C1A14FA6100974683 /* PBXTargetDependency */ = {
			isa = PBXTargetDependency;
			target = 719968101A14FA6100974683 /* SqeedTime */;
			targetProxy = 7199682B1A14FA6100974683 /* PBXContainerItemProxy */;
		};
/* End PBXTargetDependency section */

/* Begin PBXVariantGroup section */
		7199681E1A14FA6100974683 /* Main.storyboard */ = {
			isa = PBXVariantGroup;
			children = (
				7199681F1A14FA6100974683 /* Base */,
			);
			name = Main.storyboard;
			sourceTree = "<group>";
		};
		719968231A14FA6100974683 /* LaunchScreen.xib */ = {
			isa = PBXVariantGroup;
			children = (
				719968241A14FA6100974683 /* Base */,
			);
			name = LaunchScreen.xib;
			sourceTree = "<group>";
		};
/* End PBXVariantGroup section */

/* Begin XCBuildConfiguration section */
		719968321A14FA6100974683 /* Debug */ = {
			isa = XCBuildConfiguration;
			buildSettings = {
				ALWAYS_SEARCH_USER_PATHS = NO;
				CLANG_CXX_LANGUAGE_STANDARD = "gnu++0x";
				CLANG_CXX_LIBRARY = "libc++";
				CLANG_ENABLE_MODULES = YES;
				CLANG_ENABLE_OBJC_ARC = YES;
				CLANG_WARN_BOOL_CONVERSION = YES;
				CLANG_WARN_CONSTANT_CONVERSION = YES;
				CLANG_WARN_DIRECT_OBJC_ISA_USAGE = YES_ERROR;
				CLANG_WARN_EMPTY_BODY = YES;
				CLANG_WARN_ENUM_CONVERSION = YES;
				CLANG_WARN_INT_CONVERSION = YES;
				CLANG_WARN_OBJC_ROOT_CLASS = YES_ERROR;
				CLANG_WARN_UNREACHABLE_CODE = YES;
				CLANG_WARN__DUPLICATE_METHOD_MATCH = YES;
				"CODE_SIGN_IDENTITY[sdk=iphoneos*]" = "iPhone Developer";
				COPY_PHASE_STRIP = NO;
				ENABLE_STRICT_OBJC_MSGSEND = YES;
				GCC_C_LANGUAGE_STANDARD = gnu99;
				GCC_DYNAMIC_NO_PIC = NO;
				GCC_OPTIMIZATION_LEVEL = 0;
				GCC_PREPROCESSOR_DEFINITIONS = (
					"DEBUG=1",
					"$(inherited)",
				);
				GCC_SYMBOLS_PRIVATE_EXTERN = NO;
				GCC_WARN_64_TO_32_BIT_CONVERSION = YES;
				GCC_WARN_ABOUT_RETURN_TYPE = YES_ERROR;
				GCC_WARN_UNDECLARED_SELECTOR = YES;
				GCC_WARN_UNINITIALIZED_AUTOS = YES_AGGRESSIVE;
				GCC_WARN_UNUSED_FUNCTION = YES;
				GCC_WARN_UNUSED_VARIABLE = YES;
				IPHONEOS_DEPLOYMENT_TARGET = 8.1;
				MTL_ENABLE_DEBUG_INFO = YES;
				ONLY_ACTIVE_ARCH = YES;
				SDKROOT = iphoneos;
			};
			name = Debug;
		};
		719968331A14FA6100974683 /* Release */ = {
			isa = XCBuildConfiguration;
			buildSettings = {
				ALWAYS_SEARCH_USER_PATHS = NO;
				CLANG_CXX_LANGUAGE_STANDARD = "gnu++0x";
				CLANG_CXX_LIBRARY = "libc++";
				CLANG_ENABLE_MODULES = YES;
				CLANG_ENABLE_OBJC_ARC = YES;
				CLANG_WARN_BOOL_CONVERSION = YES;
				CLANG_WARN_CONSTANT_CONVERSION = YES;
				CLANG_WARN_DIRECT_OBJC_ISA_USAGE = YES_ERROR;
				CLANG_WARN_EMPTY_BODY = YES;
				CLANG_WARN_ENUM_CONVERSION = YES;
				CLANG_WARN_INT_CONVERSION = YES;
				CLANG_WARN_OBJC_ROOT_CLASS = YES_ERROR;
				CLANG_WARN_UNREACHABLE_CODE = YES;
				CLANG_WARN__DUPLICATE_METHOD_MATCH = YES;
				"CODE_SIGN_IDENTITY[sdk=iphoneos*]" = "iPhone Developer";
				COPY_PHASE_STRIP = YES;
				ENABLE_NS_ASSERTIONS = NO;
				ENABLE_STRICT_OBJC_MSGSEND = YES;
				GCC_C_LANGUAGE_STANDARD = gnu99;
				GCC_WARN_64_TO_32_BIT_CONVERSION = YES;
				GCC_WARN_ABOUT_RETURN_TYPE = YES_ERROR;
				GCC_WARN_UNDECLARED_SELECTOR = YES;
				GCC_WARN_UNINITIALIZED_AUTOS = YES_AGGRESSIVE;
				GCC_WARN_UNUSED_FUNCTION = YES;
				GCC_WARN_UNUSED_VARIABLE = YES;
				IPHONEOS_DEPLOYMENT_TARGET = 8.1;
				MTL_ENABLE_DEBUG_INFO = NO;
				SDKROOT = iphoneos;
				VALIDATE_PRODUCT = YES;
			};
			name = Release;
		};
		719968351A14FA6100974683 /* Debug */ = {
			isa = XCBuildConfiguration;
			buildSettings = {
				ASSETCATALOG_COMPILER_APPICON_NAME = AppIcon;
				CODE_SIGN_IDENTITY = "iPhone Developer";
				"CODE_SIGN_IDENTITY[sdk=iphoneos*]" = "iPhone Developer";
				INFOPLIST_FILE = SqeedTime/Info.plist;
				LD_RUNPATH_SEARCH_PATHS = "$(inherited) @executable_path/Frameworks";
				PRODUCT_NAME = "$(TARGET_NAME)";
				PROVISIONING_PROFILE = "e81051d8-f741-401b-9318-acf3268b879d";
			};
			name = Debug;
		};
		719968361A14FA6100974683 /* Release */ = {
			isa = XCBuildConfiguration;
			buildSettings = {
				ASSETCATALOG_COMPILER_APPICON_NAME = AppIcon;
				CODE_SIGN_IDENTITY = "iPhone Developer";
				"CODE_SIGN_IDENTITY[sdk=iphoneos*]" = "iPhone Developer";
				INFOPLIST_FILE = SqeedTime/Info.plist;
				LD_RUNPATH_SEARCH_PATHS = "$(inherited) @executable_path/Frameworks";
				PRODUCT_NAME = "$(TARGET_NAME)";
				PROVISIONING_PROFILE = "e81051d8-f741-401b-9318-acf3268b879d";
			};
			name = Release;
		};
		719968381A14FA6100974683 /* Debug */ = {
			isa = XCBuildConfiguration;
			buildSettings = {
				BUNDLE_LOADER = "$(TEST_HOST)";
				FRAMEWORK_SEARCH_PATHS = (
					"$(SDKROOT)/Developer/Library/Frameworks",
					"$(inherited)",
				);
				GCC_PREPROCESSOR_DEFINITIONS = (
					"DEBUG=1",
					"$(inherited)",
				);
				INFOPLIST_FILE = SqeedTimeTests/Info.plist;
				LD_RUNPATH_SEARCH_PATHS = "$(inherited) @executable_path/Frameworks @loader_path/Frameworks";
				PRODUCT_NAME = "$(TARGET_NAME)";
				TEST_HOST = "$(BUILT_PRODUCTS_DIR)/SqeedTime.app/SqeedTime";
			};
			name = Debug;
		};
		719968391A14FA6100974683 /* Release */ = {
			isa = XCBuildConfiguration;
			buildSettings = {
				BUNDLE_LOADER = "$(TEST_HOST)";
				FRAMEWORK_SEARCH_PATHS = (
					"$(SDKROOT)/Developer/Library/Frameworks",
					"$(inherited)",
				);
				INFOPLIST_FILE = SqeedTimeTests/Info.plist;
				LD_RUNPATH_SEARCH_PATHS = "$(inherited) @executable_path/Frameworks @loader_path/Frameworks";
				PRODUCT_NAME = "$(TARGET_NAME)";
				TEST_HOST = "$(BUILT_PRODUCTS_DIR)/SqeedTime.app/SqeedTime";
			};
			name = Release;
		};
/* End XCBuildConfiguration section */

/* Begin XCConfigurationList section */
		7199680C1A14FA6100974683 /* Build configuration list for PBXProject "SqeedTime" */ = {
			isa = XCConfigurationList;
			buildConfigurations = (
				719968321A14FA6100974683 /* Debug */,
				719968331A14FA6100974683 /* Release */,
			);
			defaultConfigurationIsVisible = 0;
			defaultConfigurationName = Release;
		};
		719968341A14FA6100974683 /* Build configuration list for PBXNativeTarget "SqeedTime" */ = {
			isa = XCConfigurationList;
			buildConfigurations = (
				719968351A14FA6100974683 /* Debug */,
				719968361A14FA6100974683 /* Release */,
			);
			defaultConfigurationIsVisible = 0;
			defaultConfigurationName = Release;
		};
		719968371A14FA6100974683 /* Build configuration list for PBXNativeTarget "SqeedTimeTests" */ = {
			isa = XCConfigurationList;
			buildConfigurations = (
				719968381A14FA6100974683 /* Debug */,
				719968391A14FA6100974683 /* Release */,
			);
			defaultConfigurationIsVisible = 0;
			defaultConfigurationName = Release;
		};
/* End XCConfigurationList section */
	};
	rootObject = 719968091A14FA6100974683 /* Project object */;
}
