// !$*UTF8*$!
{
	archiveVersion = 1;
	classes = {
	};
	objectVersion = 46;
	objects = {

/* Begin PBXBuildFile section */
		710E25801A1BBE4E007C137E /* ActivitiesViewController.m in Sources */ = {isa = PBXBuildFile; fileRef = 710E257F1A1BBE4E007C137E /* ActivitiesViewController.m */; };
		71290C231A1F5C2B003B7B09 /* SettingsViewController.m in Sources */ = {isa = PBXBuildFile; fileRef = 71290C221A1F5C2B003B7B09 /* SettingsViewController.m */; };
		71290C261A1F5C77003B7B09 /* SettingsTableView.m in Sources */ = {isa = PBXBuildFile; fileRef = 71290C251A1F5C77003B7B09 /* SettingsTableView.m */; };
		71290C291A1F5C8A003B7B09 /* SettingsTableViewCell.m in Sources */ = {isa = PBXBuildFile; fileRef = 71290C281A1F5C8A003B7B09 /* SettingsTableViewCell.m */; };
		71290CCB1A1FB898003B7B09 /* GlobalClass.m in Sources */ = {isa = PBXBuildFile; fileRef = 71290CCA1A1FB898003B7B09 /* GlobalClass.m */; };
		71290CCE1A1FC3DC003B7B09 /* EditSettingsViewController.m in Sources */ = {isa = PBXBuildFile; fileRef = 71290CCD1A1FC3DC003B7B09 /* EditSettingsViewController.m */; };
		71290CD11A1FC3F3003B7B09 /* DisplaySettingsViewController.m in Sources */ = {isa = PBXBuildFile; fileRef = 71290CD01A1FC3F3003B7B09 /* DisplaySettingsViewController.m */; };
		71290CD41A1FC407003B7B09 /* ProfileViewController.m in Sources */ = {isa = PBXBuildFile; fileRef = 71290CD31A1FC407003B7B09 /* ProfileViewController.m */; };
		71290CD71A1FC5FE003B7B09 /* SearchViewController.m in Sources */ = {isa = PBXBuildFile; fileRef = 71290CD61A1FC5FE003B7B09 /* SearchViewController.m */; };
		71290CDA1A1FC61E003B7B09 /* MapViewController.m in Sources */ = {isa = PBXBuildFile; fileRef = 71290CD91A1FC61E003B7B09 /* MapViewController.m */; };
		71290CDD1A1FC63E003B7B09 /* ChatViewController.m in Sources */ = {isa = PBXBuildFile; fileRef = 71290CDC1A1FC63E003B7B09 /* ChatViewController.m */; };
		71290CDF1A1FE619003B7B09 /* MapKit.framework in Frameworks */ = {isa = PBXBuildFile; fileRef = 71290CDE1A1FE619003B7B09 /* MapKit.framework */; };
		71290CE21A1FF2F8003B7B09 /* CreateSqeedViewController.m in Sources */ = {isa = PBXBuildFile; fileRef = 71290CE11A1FF2F8003B7B09 /* CreateSqeedViewController.m */; };
		71290CE51A1FF315003B7B09 /* CategoryPickerView.m in Sources */ = {isa = PBXBuildFile; fileRef = 71290CE41A1FF315003B7B09 /* CategoryPickerView.m */; };
		7195D7A11A1CA7E400A8C995 /* SqeedTableViewCell.m in Sources */ = {isa = PBXBuildFile; fileRef = 7195D7A01A1CA7E400A8C995 /* SqeedTableViewCell.m */; };
		7195D7A71A1CB96C00A8C995 /* icon-camera.png in Resources */ = {isa = PBXBuildFile; fileRef = 7195D7A21A1CB96C00A8C995 /* icon-camera.png */; };
		7195D7A81A1CB96C00A8C995 /* icon-coconut.png in Resources */ = {isa = PBXBuildFile; fileRef = 7195D7A31A1CB96C00A8C995 /* icon-coconut.png */; };
		7195D7A91A1CB96C00A8C995 /* icon-music.png in Resources */ = {isa = PBXBuildFile; fileRef = 7195D7A41A1CB96C00A8C995 /* icon-music.png */; };
		7195D7AA1A1CB96C00A8C995 /* icon-tennis.png in Resources */ = {isa = PBXBuildFile; fileRef = 7195D7A51A1CB96C00A8C995 /* icon-tennis.png */; };
		7195D7AB1A1CB96C00A8C995 /* icon-theater.png in Resources */ = {isa = PBXBuildFile; fileRef = 7195D7A61A1CB96C00A8C995 /* icon-theater.png */; };
		7195D7AF1A1CBDE000A8C995 /* SqeedsTableView.m in Sources */ = {isa = PBXBuildFile; fileRef = 7195D7AE1A1CBDE000A8C995 /* SqeedsTableView.m */; };
		7195D7B21A1E30B100A8C995 /* SqeedViewController.m in Sources */ = {isa = PBXBuildFile; fileRef = 7195D7B11A1E30B100A8C995 /* SqeedViewController.m */; };
		719968171A14FA6100974683 /* main.m in Sources */ = {isa = PBXBuildFile; fileRef = 719968161A14FA6100974683 /* main.m */; };
		7199681A1A14FA6100974683 /* AppDelegate.m in Sources */ = {isa = PBXBuildFile; fileRef = 719968191A14FA6100974683 /* AppDelegate.m */; };
		7199681D1A14FA6100974683 /* LoginViewController.m in Sources */ = {isa = PBXBuildFile; fileRef = 7199681C1A14FA6100974683 /* LoginViewController.m */; };
		719968201A14FA6100974683 /* Main.storyboard in Resources */ = {isa = PBXBuildFile; fileRef = 7199681E1A14FA6100974683 /* Main.storyboard */; };
		719968221A14FA6100974683 /* Images.xcassets in Resources */ = {isa = PBXBuildFile; fileRef = 719968211A14FA6100974683 /* Images.xcassets */; };
		719968251A14FA6100974683 /* LaunchScreen.xib in Resources */ = {isa = PBXBuildFile; fileRef = 719968231A14FA6100974683 /* LaunchScreen.xib */; };
		719968311A14FA6100974683 /* SqeedTimeTests.m in Sources */ = {isa = PBXBuildFile; fileRef = 719968301A14FA6100974683 /* SqeedTimeTests.m */; };
		7199683B1A14FA9B00974683 /* logo.png in Resources */ = {isa = PBXBuildFile; fileRef = 7199683A1A14FA9B00974683 /* logo.png */; };
		719968551A150FBD00974683 /* NSObject+SBJson.m in Sources */ = {isa = PBXBuildFile; fileRef = 7199683D1A150FBD00974683 /* NSObject+SBJson.m */; };
		719968561A150FBD00974683 /* SBJsonParser.m in Sources */ = {isa = PBXBuildFile; fileRef = 719968401A150FBD00974683 /* SBJsonParser.m */; };
		719968571A150FBD00974683 /* SBJsonStreamParser.m in Sources */ = {isa = PBXBuildFile; fileRef = 719968421A150FBD00974683 /* SBJsonStreamParser.m */; };
		719968581A150FBD00974683 /* SBJsonStreamParserAccumulator.m in Sources */ = {isa = PBXBuildFile; fileRef = 719968441A150FBD00974683 /* SBJsonStreamParserAccumulator.m */; };
		719968591A150FBD00974683 /* SBJsonStreamParserAdapter.m in Sources */ = {isa = PBXBuildFile; fileRef = 719968461A150FBD00974683 /* SBJsonStreamParserAdapter.m */; };
		7199685A1A150FBD00974683 /* SBJsonStreamParserState.m in Sources */ = {isa = PBXBuildFile; fileRef = 719968481A150FBD00974683 /* SBJsonStreamParserState.m */; };
		7199685B1A150FBD00974683 /* SBJsonStreamWriter.m in Sources */ = {isa = PBXBuildFile; fileRef = 7199684A1A150FBD00974683 /* SBJsonStreamWriter.m */; };
		7199685C1A150FBD00974683 /* SBJsonStreamWriterAccumulator.m in Sources */ = {isa = PBXBuildFile; fileRef = 7199684C1A150FBD00974683 /* SBJsonStreamWriterAccumulator.m */; };
		7199685D1A150FBD00974683 /* SBJsonStreamWriterState.m in Sources */ = {isa = PBXBuildFile; fileRef = 7199684E1A150FBD00974683 /* SBJsonStreamWriterState.m */; };
		7199685E1A150FBD00974683 /* SBJsonTokeniser.m in Sources */ = {isa = PBXBuildFile; fileRef = 719968501A150FBD00974683 /* SBJsonTokeniser.m */; };
		7199685F1A150FBD00974683 /* SBJsonUTF8Stream.m in Sources */ = {isa = PBXBuildFile; fileRef = 719968521A150FBD00974683 /* SBJsonUTF8Stream.m */; };
		719968601A150FBD00974683 /* SBJsonWriter.m in Sources */ = {isa = PBXBuildFile; fileRef = 719968541A150FBD00974683 /* SBJsonWriter.m */; };
/* End PBXBuildFile section */

/* Begin PBXContainerItemProxy section */
		7199682B1A14FA6100974683 /* PBXContainerItemProxy */ = {
			isa = PBXContainerItemProxy;
			containerPortal = 719968091A14FA6100974683 /* Project object */;
			proxyType = 1;
			remoteGlobalIDString = 719968101A14FA6100974683;
			remoteInfo = SqeedTime;
		};
/* End PBXContainerItemProxy section */

/* Begin PBXFileReference section */
		710E257E1A1BBE4E007C137E /* ActivitiesViewController.h */ = {isa = PBXFileReference; fileEncoding = 4; lastKnownFileType = sourcecode.c.h; path = ActivitiesViewController.h; sourceTree = "<group>"; };
		710E257F1A1BBE4E007C137E /* ActivitiesViewController.m */ = {isa = PBXFileReference; fileEncoding = 4; lastKnownFileType = sourcecode.c.objc; path = ActivitiesViewController.m; sourceTree = "<group>"; };
		71290C211A1F5C2B003B7B09 /* SettingsViewController.h */ = {isa = PBXFileReference; fileEncoding = 4; lastKnownFileType = sourcecode.c.h; path = SettingsViewController.h; sourceTree = "<group>"; };
		71290C221A1F5C2B003B7B09 /* SettingsViewController.m */ = {isa = PBXFileReference; fileEncoding = 4; lastKnownFileType = sourcecode.c.objc; path = SettingsViewController.m; sourceTree = "<group>"; };
		71290C241A1F5C77003B7B09 /* SettingsTableView.h */ = {isa = PBXFileReference; fileEncoding = 4; lastKnownFileType = sourcecode.c.h; path = SettingsTableView.h; sourceTree = "<group>"; };
		71290C251A1F5C77003B7B09 /* SettingsTableView.m */ = {isa = PBXFileReference; fileEncoding = 4; lastKnownFileType = sourcecode.c.objc; path = SettingsTableView.m; sourceTree = "<group>"; };
		71290C271A1F5C8A003B7B09 /* SettingsTableViewCell.h */ = {isa = PBXFileReference; fileEncoding = 4; lastKnownFileType = sourcecode.c.h; path = SettingsTableViewCell.h; sourceTree = "<group>"; };
		71290C281A1F5C8A003B7B09 /* SettingsTableViewCell.m */ = {isa = PBXFileReference; fileEncoding = 4; lastKnownFileType = sourcecode.c.objc; path = SettingsTableViewCell.m; sourceTree = "<group>"; };
		71290CC91A1FB897003B7B09 /* GlobalClass.h */ = {isa = PBXFileReference; fileEncoding = 4; lastKnownFileType = sourcecode.c.h; path = GlobalClass.h; sourceTree = "<group>"; };
		71290CCA1A1FB898003B7B09 /* GlobalClass.m */ = {isa = PBXFileReference; fileEncoding = 4; lastKnownFileType = sourcecode.c.objc; path = GlobalClass.m; sourceTree = "<group>"; };
		71290CCC1A1FC3DC003B7B09 /* EditSettingsViewController.h */ = {isa = PBXFileReference; fileEncoding = 4; lastKnownFileType = sourcecode.c.h; path = EditSettingsViewController.h; sourceTree = "<group>"; };
		71290CCD1A1FC3DC003B7B09 /* EditSettingsViewController.m */ = {isa = PBXFileReference; fileEncoding = 4; lastKnownFileType = sourcecode.c.objc; path = EditSettingsViewController.m; sourceTree = "<group>"; };
		71290CCF1A1FC3F3003B7B09 /* DisplaySettingsViewController.h */ = {isa = PBXFileReference; fileEncoding = 4; lastKnownFileType = sourcecode.c.h; path = DisplaySettingsViewController.h; sourceTree = "<group>"; };
		71290CD01A1FC3F3003B7B09 /* DisplaySettingsViewController.m */ = {isa = PBXFileReference; fileEncoding = 4; lastKnownFileType = sourcecode.c.objc; path = DisplaySettingsViewController.m; sourceTree = "<group>"; };
		71290CD21A1FC407003B7B09 /* ProfileViewController.h */ = {isa = PBXFileReference; fileEncoding = 4; lastKnownFileType = sourcecode.c.h; path = ProfileViewController.h; sourceTree = "<group>"; };
		71290CD31A1FC407003B7B09 /* ProfileViewController.m */ = {isa = PBXFileReference; fileEncoding = 4; lastKnownFileType = sourcecode.c.objc; path = ProfileViewController.m; sourceTree = "<group>"; };
		71290CD51A1FC5FE003B7B09 /* SearchViewController.h */ = {isa = PBXFileReference; fileEncoding = 4; lastKnownFileType = sourcecode.c.h; path = SearchViewController.h; sourceTree = "<group>"; };
		71290CD61A1FC5FE003B7B09 /* SearchViewController.m */ = {isa = PBXFileReference; fileEncoding = 4; lastKnownFileType = sourcecode.c.objc; path = SearchViewController.m; sourceTree = "<group>"; };
		71290CD81A1FC61E003B7B09 /* MapViewController.h */ = {isa = PBXFileReference; fileEncoding = 4; lastKnownFileType = sourcecode.c.h; path = MapViewController.h; sourceTree = "<group>"; };
		71290CD91A1FC61E003B7B09 /* MapViewController.m */ = {isa = PBXFileReference; fileEncoding = 4; lastKnownFileType = sourcecode.c.objc; path = MapViewController.m; sourceTree = "<group>"; };
		71290CDB1A1FC63E003B7B09 /* ChatViewController.h */ = {isa = PBXFileReference; fileEncoding = 4; lastKnownFileType = sourcecode.c.h; path = ChatViewController.h; sourceTree = "<group>"; };
		71290CDC1A1FC63E003B7B09 /* ChatViewController.m */ = {isa = PBXFileReference; fileEncoding = 4; lastKnownFileType = sourcecode.c.objc; path = ChatViewController.m; sourceTree = "<group>"; };
		71290CDE1A1FE619003B7B09 /* MapKit.framework */ = {isa = PBXFileReference; lastKnownFileType = wrapper.framework; name = MapKit.framework; path = System/Library/Frameworks/MapKit.framework; sourceTree = SDKROOT; };
		71290CE01A1FF2F8003B7B09 /* CreateSqeedViewController.h */ = {isa = PBXFileReference; fileEncoding = 4; lastKnownFileType = sourcecode.c.h; path = CreateSqeedViewController.h; sourceTree = "<group>"; };
		71290CE11A1FF2F8003B7B09 /* CreateSqeedViewController.m */ = {isa = PBXFileReference; fileEncoding = 4; lastKnownFileType = sourcecode.c.objc; path = CreateSqeedViewController.m; sourceTree = "<group>"; };
		71290CE31A1FF314003B7B09 /* CategoryPickerView.h */ = {isa = PBXFileReference; fileEncoding = 4; lastKnownFileType = sourcecode.c.h; path = CategoryPickerView.h; sourceTree = "<group>"; };
		71290CE41A1FF315003B7B09 /* CategoryPickerView.m */ = {isa = PBXFileReference; fileEncoding = 4; lastKnownFileType = sourcecode.c.objc; path = CategoryPickerView.m; sourceTree = "<group>"; };
		7195D79F1A1CA7E400A8C995 /* SqeedTableViewCell.h */ = {isa = PBXFileReference; fileEncoding = 4; lastKnownFileType = sourcecode.c.h; path = SqeedTableViewCell.h; sourceTree = "<group>"; };
		7195D7A01A1CA7E400A8C995 /* SqeedTableViewCell.m */ = {isa = PBXFileReference; fileEncoding = 4; lastKnownFileType = sourcecode.c.objc; path = SqeedTableViewCell.m; sourceTree = "<group>"; };
		7195D7A21A1CB96C00A8C995 /* icon-camera.png */ = {isa = PBXFileReference; lastKnownFileType = image.png; path = "icon-camera.png"; sourceTree = "<group>"; };
		7195D7A31A1CB96C00A8C995 /* icon-coconut.png */ = {isa = PBXFileReference; lastKnownFileType = image.png; path = "icon-coconut.png"; sourceTree = "<group>"; };
		7195D7A41A1CB96C00A8C995 /* icon-music.png */ = {isa = PBXFileReference; lastKnownFileType = image.png; path = "icon-music.png"; sourceTree = "<group>"; };
		7195D7A51A1CB96C00A8C995 /* icon-tennis.png */ = {isa = PBXFileReference; lastKnownFileType = image.png; path = "icon-tennis.png"; sourceTree = "<group>"; };
		7195D7A61A1CB96C00A8C995 /* icon-theater.png */ = {isa = PBXFileReference; lastKnownFileType = image.png; path = "icon-theater.png"; sourceTree = "<group>"; };
		7195D7AD1A1CBDE000A8C995 /* SqeedsTableView.h */ = {isa = PBXFileReference; fileEncoding = 4; lastKnownFileType = sourcecode.c.h; path = SqeedsTableView.h; sourceTree = "<group>"; };
		7195D7AE1A1CBDE000A8C995 /* SqeedsTableView.m */ = {isa = PBXFileReference; fileEncoding = 4; lastKnownFileType = sourcecode.c.objc; path = SqeedsTableView.m; sourceTree = "<group>"; };
		7195D7B01A1E30B100A8C995 /* SqeedViewController.h */ = {isa = PBXFileReference; fileEncoding = 4; lastKnownFileType = sourcecode.c.h; path = SqeedViewController.h; sourceTree = "<group>"; };
		7195D7B11A1E30B100A8C995 /* SqeedViewController.m */ = {isa = PBXFileReference; fileEncoding = 4; lastKnownFileType = sourcecode.c.objc; path = SqeedViewController.m; sourceTree = "<group>"; };
		719968111A14FA6100974683 /* SqeedTime.app */ = {isa = PBXFileReference; explicitFileType = wrapper.application; includeInIndex = 0; path = SqeedTime.app; sourceTree = BUILT_PRODUCTS_DIR; };
		719968151A14FA6100974683 /* Info.plist */ = {isa = PBXFileReference; lastKnownFileType = text.plist.xml; path = Info.plist; sourceTree = "<group>"; };
		719968161A14FA6100974683 /* main.m */ = {isa = PBXFileReference; lastKnownFileType = sourcecode.c.objc; path = main.m; sourceTree = "<group>"; };
		719968181A14FA6100974683 /* AppDelegate.h */ = {isa = PBXFileReference; lastKnownFileType = sourcecode.c.h; path = AppDelegate.h; sourceTree = "<group>"; };
		719968191A14FA6100974683 /* AppDelegate.m */ = {isa = PBXFileReference; lastKnownFileType = sourcecode.c.objc; path = AppDelegate.m; sourceTree = "<group>"; };
		7199681B1A14FA6100974683 /* LoginViewController.h */ = {isa = PBXFileReference; lastKnownFileType = sourcecode.c.h; path = LoginViewController.h; sourceTree = "<group>"; };
		7199681C1A14FA6100974683 /* LoginViewController.m */ = {isa = PBXFileReference; lastKnownFileType = sourcecode.c.objc; path = LoginViewController.m; sourceTree = "<group>"; };
		7199681F1A14FA6100974683 /* Base */ = {isa = PBXFileReference; lastKnownFileType = file.storyboard; name = Base; path = Base.lproj/Main.storyboard; sourceTree = "<group>"; };
		719968211A14FA6100974683 /* Images.xcassets */ = {isa = PBXFileReference; lastKnownFileType = folder.assetcatalog; path = Images.xcassets; sourceTree = "<group>"; };
		719968241A14FA6100974683 /* Base */ = {isa = PBXFileReference; lastKnownFileType = file.xib; name = Base; path = Base.lproj/LaunchScreen.xib; sourceTree = "<group>"; };
		7199682A1A14FA6100974683 /* SqeedTimeTests.xctest */ = {isa = PBXFileReference; explicitFileType = wrapper.cfbundle; includeInIndex = 0; path = SqeedTimeTests.xctest; sourceTree = BUILT_PRODUCTS_DIR; };
		7199682F1A14FA6100974683 /* Info.plist */ = {isa = PBXFileReference; lastKnownFileType = text.plist.xml; path = Info.plist; sourceTree = "<group>"; };
		719968301A14FA6100974683 /* SqeedTimeTests.m */ = {isa = PBXFileReference; lastKnownFileType = sourcecode.c.objc; path = SqeedTimeTests.m; sourceTree = "<group>"; };
		7199683A1A14FA9B00974683 /* logo.png */ = {isa = PBXFileReference; lastKnownFileType = image.png; path = logo.png; sourceTree = "<group>"; };
		7199683C1A150FBD00974683 /* NSObject+SBJson.h */ = {isa = PBXFileReference; fileEncoding = 4; lastKnownFileType = sourcecode.c.h; path = "NSObject+SBJson.h"; sourceTree = "<group>"; };
		7199683D1A150FBD00974683 /* NSObject+SBJson.m */ = {isa = PBXFileReference; fileEncoding = 4; lastKnownFileType = sourcecode.c.objc; path = "NSObject+SBJson.m"; sourceTree = "<group>"; };
		7199683E1A150FBD00974683 /* SBJson.h */ = {isa = PBXFileReference; fileEncoding = 4; lastKnownFileType = sourcecode.c.h; path = SBJson.h; sourceTree = "<group>"; };
		7199683F1A150FBD00974683 /* SBJsonParser.h */ = {isa = PBXFileReference; fileEncoding = 4; lastKnownFileType = sourcecode.c.h; path = SBJsonParser.h; sourceTree = "<group>"; };
		719968401A150FBD00974683 /* SBJsonParser.m */ = {isa = PBXFileReference; fileEncoding = 4; lastKnownFileType = sourcecode.c.objc; path = SBJsonParser.m; sourceTree = "<group>"; };
		719968411A150FBD00974683 /* SBJsonStreamParser.h */ = {isa = PBXFileReference; fileEncoding = 4; lastKnownFileType = sourcecode.c.h; path = SBJsonStreamParser.h; sourceTree = "<group>"; };
		719968421A150FBD00974683 /* SBJsonStreamParser.m */ = {isa = PBXFileReference; fileEncoding = 4; lastKnownFileType = sourcecode.c.objc; path = SBJsonStreamParser.m; sourceTree = "<group>"; };
		719968431A150FBD00974683 /* SBJsonStreamParserAccumulator.h */ = {isa = PBXFileReference; fileEncoding = 4; lastKnownFileType = sourcecode.c.h; path = SBJsonStreamParserAccumulator.h; sourceTree = "<group>"; };
		719968441A150FBD00974683 /* SBJsonStreamParserAccumulator.m */ = {isa = PBXFileReference; fileEncoding = 4; lastKnownFileType = sourcecode.c.objc; path = SBJsonStreamParserAccumulator.m; sourceTree = "<group>"; };
		719968451A150FBD00974683 /* SBJsonStreamParserAdapter.h */ = {isa = PBXFileReference; fileEncoding = 4; lastKnownFileType = sourcecode.c.h; path = SBJsonStreamParserAdapter.h; sourceTree = "<group>"; };
		719968461A150FBD00974683 /* SBJsonStreamParserAdapter.m */ = {isa = PBXFileReference; fileEncoding = 4; lastKnownFileType = sourcecode.c.objc; path = SBJsonStreamParserAdapter.m; sourceTree = "<group>"; };
		719968471A150FBD00974683 /* SBJsonStreamParserState.h */ = {isa = PBXFileReference; fileEncoding = 4; lastKnownFileType = sourcecode.c.h; path = SBJsonStreamParserState.h; sourceTree = "<group>"; };
		719968481A150FBD00974683 /* SBJsonStreamParserState.m */ = {isa = PBXFileReference; fileEncoding = 4; lastKnownFileType = sourcecode.c.objc; path = SBJsonStreamParserState.m; sourceTree = "<group>"; };
		719968491A150FBD00974683 /* SBJsonStreamWriter.h */ = {isa = PBXFileReference; fileEncoding = 4; lastKnownFileType = sourcecode.c.h; path = SBJsonStreamWriter.h; sourceTree = "<group>"; };
		7199684A1A150FBD00974683 /* SBJsonStreamWriter.m */ = {isa = PBXFileReference; fileEncoding = 4; lastKnownFileType = sourcecode.c.objc; path = SBJsonStreamWriter.m; sourceTree = "<group>"; };
		7199684B1A150FBD00974683 /* SBJsonStreamWriterAccumulator.h */ = {isa = PBXFileReference; fileEncoding = 4; lastKnownFileType = sourcecode.c.h; path = SBJsonStreamWriterAccumulator.h; sourceTree = "<group>"; };
		7199684C1A150FBD00974683 /* SBJsonStreamWriterAccumulator.m */ = {isa = PBXFileReference; fileEncoding = 4; lastKnownFileType = sourcecode.c.objc; path = SBJsonStreamWriterAccumulator.m; sourceTree = "<group>"; };
		7199684D1A150FBD00974683 /* SBJsonStreamWriterState.h */ = {isa = PBXFileReference; fileEncoding = 4; lastKnownFileType = sourcecode.c.h; path = SBJsonStreamWriterState.h; sourceTree = "<group>"; };
		7199684E1A150FBD00974683 /* SBJsonStreamWriterState.m */ = {isa = PBXFileReference; fileEncoding = 4; lastKnownFileType = sourcecode.c.objc; path = SBJsonStreamWriterState.m; sourceTree = "<group>"; };
		7199684F1A150FBD00974683 /* SBJsonTokeniser.h */ = {isa = PBXFileReference; fileEncoding = 4; lastKnownFileType = sourcecode.c.h; path = SBJsonTokeniser.h; sourceTree = "<group>"; };
		719968501A150FBD00974683 /* SBJsonTokeniser.m */ = {isa = PBXFileReference; fileEncoding = 4; lastKnownFileType = sourcecode.c.objc; path = SBJsonTokeniser.m; sourceTree = "<group>"; };
		719968511A150FBD00974683 /* SBJsonUTF8Stream.h */ = {isa = PBXFileReference; fileEncoding = 4; lastKnownFileType = sourcecode.c.h; path = SBJsonUTF8Stream.h; sourceTree = "<group>"; };
		719968521A150FBD00974683 /* SBJsonUTF8Stream.m */ = {isa = PBXFileReference; fileEncoding = 4; lastKnownFileType = sourcecode.c.objc; path = SBJsonUTF8Stream.m; sourceTree = "<group>"; };
		719968531A150FBD00974683 /* SBJsonWriter.h */ = {isa = PBXFileReference; fileEncoding = 4; lastKnownFileType = sourcecode.c.h; path = SBJsonWriter.h; sourceTree = "<group>"; };
		719968541A150FBD00974683 /* SBJsonWriter.m */ = {isa = PBXFileReference; fileEncoding = 4; lastKnownFileType = sourcecode.c.objc; path = SBJsonWriter.m; sourceTree = "<group>"; };
/* End PBXFileReference section */

/* Begin PBXFrameworksBuildPhase section */
		7199680E1A14FA6100974683 /* Frameworks */ = {
			isa = PBXFrameworksBuildPhase;
			buildActionMask = 2147483647;
			files = (
				71290CDF1A1FE619003B7B09 /* MapKit.framework in Frameworks */,
			);
			runOnlyForDeploymentPostprocessing = 0;
		};
		719968271A14FA6100974683 /* Frameworks */ = {
			isa = PBXFrameworksBuildPhase;
			buildActionMask = 2147483647;
			files = (
			);
			runOnlyForDeploymentPostprocessing = 0;
		};
/* End PBXFrameworksBuildPhase section */

/* Begin PBXGroup section */
		71290CC71A1F9C6F003B7B09 /* SettingsVC */ = {
			isa = PBXGroup;
			children = (
				71290C241A1F5C77003B7B09 /* SettingsTableView.h */,
				71290C251A1F5C77003B7B09 /* SettingsTableView.m */,
				71290C271A1F5C8A003B7B09 /* SettingsTableViewCell.h */,
				71290C281A1F5C8A003B7B09 /* SettingsTableViewCell.m */,
				71290C211A1F5C2B003B7B09 /* SettingsViewController.h */,
				71290C221A1F5C2B003B7B09 /* SettingsViewController.m */,
				71290CCC1A1FC3DC003B7B09 /* EditSettingsViewController.h */,
				71290CCD1A1FC3DC003B7B09 /* EditSettingsViewController.m */,
				71290CCF1A1FC3F3003B7B09 /* DisplaySettingsViewController.h */,
				71290CD01A1FC3F3003B7B09 /* DisplaySettingsViewController.m */,
			);
			name = SettingsVC;
			sourceTree = "<group>";
		};
		71290CC81A1F9C83003B7B09 /* ActivitiesVC */ = {
			isa = PBXGroup;
			children = (
				710E257E1A1BBE4E007C137E /* ActivitiesViewController.h */,
				710E257F1A1BBE4E007C137E /* ActivitiesViewController.m */,
				7195D7AD1A1CBDE000A8C995 /* SqeedsTableView.h */,
				7195D7AE1A1CBDE000A8C995 /* SqeedsTableView.m */,
				7195D79F1A1CA7E400A8C995 /* SqeedTableViewCell.h */,
				7195D7A01A1CA7E400A8C995 /* SqeedTableViewCell.m */,
			);
			name = ActivitiesVC;
			sourceTree = "<group>";
		};
		71290CE61A1FF31C003B7B09 /* CreateSqeed */ = {
			isa = PBXGroup;
			children = (
				71290CE01A1FF2F8003B7B09 /* CreateSqeedViewController.h */,
				71290CE11A1FF2F8003B7B09 /* CreateSqeedViewController.m */,
				71290CE31A1FF314003B7B09 /* CategoryPickerView.h */,
				71290CE41A1FF315003B7B09 /* CategoryPickerView.m */,
			);
			name = CreateSqeed;
			sourceTree = "<group>";
		};
		7195D7AC1A1CB97400A8C995 /* icons */ = {
			isa = PBXGroup;
			children = (
				7195D7A21A1CB96C00A8C995 /* icon-camera.png */,
				7195D7A31A1CB96C00A8C995 /* icon-coconut.png */,
				7195D7A41A1CB96C00A8C995 /* icon-music.png */,
				7195D7A51A1CB96C00A8C995 /* icon-tennis.png */,
				7195D7A61A1CB96C00A8C995 /* icon-theater.png */,
			);
			name = icons;
			sourceTree = "<group>";
		};
		7195D7B31A1E3A2D00A8C995 /* SBJson */ = {
			isa = PBXGroup;
			children = (
				7199683C1A150FBD00974683 /* NSObject+SBJson.h */,
				7199683D1A150FBD00974683 /* NSObject+SBJson.m */,
				7199683E1A150FBD00974683 /* SBJson.h */,
				7199683F1A150FBD00974683 /* SBJsonParser.h */,
				719968401A150FBD00974683 /* SBJsonParser.m */,
				719968411A150FBD00974683 /* SBJsonStreamParser.h */,
				719968421A150FBD00974683 /* SBJsonStreamParser.m */,
				719968431A150FBD00974683 /* SBJsonStreamParserAccumulator.h */,
				719968441A150FBD00974683 /* SBJsonStreamParserAccumulator.m */,
				719968451A150FBD00974683 /* SBJsonStreamParserAdapter.h */,
				719968461A150FBD00974683 /* SBJsonStreamParserAdapter.m */,
				719968471A150FBD00974683 /* SBJsonStreamParserState.h */,
				719968481A150FBD00974683 /* SBJsonStreamParserState.m */,
				719968491A150FBD00974683 /* SBJsonStreamWriter.h */,
				7199684A1A150FBD00974683 /* SBJsonStreamWriter.m */,
				7199684B1A150FBD00974683 /* SBJsonStreamWriterAccumulator.h */,
				7199684C1A150FBD00974683 /* SBJsonStreamWriterAccumulator.m */,
				7199684D1A150FBD00974683 /* SBJsonStreamWriterState.h */,
				7199684E1A150FBD00974683 /* SBJsonStreamWriterState.m */,
				7199684F1A150FBD00974683 /* SBJsonTokeniser.h */,
				719968501A150FBD00974683 /* SBJsonTokeniser.m */,
				719968511A150FBD00974683 /* SBJsonUTF8Stream.h */,
				719968521A150FBD00974683 /* SBJsonUTF8Stream.m */,
				719968531A150FBD00974683 /* SBJsonWriter.h */,
				719968541A150FBD00974683 /* SBJsonWriter.m */,
			);
			name = SBJson;
			sourceTree = "<group>";
		};
		719968081A14FA6100974683 = {
			isa = PBXGroup;
			children = (
				71290CDE1A1FE619003B7B09 /* MapKit.framework */,
				719968131A14FA6100974683 /* SqeedTime */,
				7199682D1A14FA6100974683 /* SqeedTimeTests */,
				719968121A14FA6100974683 /* Products */,
			);
			sourceTree = "<group>";
		};
		719968121A14FA6100974683 /* Products */ = {
			isa = PBXGroup;
			children = (
				719968111A14FA6100974683 /* SqeedTime.app */,
				7199682A1A14FA6100974683 /* SqeedTimeTests.xctest */,
			);
			name = Products;
			sourceTree = "<group>";
		};
		719968131A14FA6100974683 /* SqeedTime */ = {
			isa = PBXGroup;
			children = (
				71290CC81A1F9C83003B7B09 /* ActivitiesVC */,
				719968181A14FA6100974683 /* AppDelegate.h */,
				719968191A14FA6100974683 /* AppDelegate.m */,
				71290CC91A1FB897003B7B09 /* GlobalClass.h */,
				71290CCA1A1FB898003B7B09 /* GlobalClass.m */,
				7195D7AC1A1CB97400A8C995 /* icons */,
				719968211A14FA6100974683 /* Images.xcassets */,
				719968231A14FA6100974683 /* LaunchScreen.xib */,
				7199681B1A14FA6100974683 /* LoginViewController.h */,
				71290CDB1A1FC63E003B7B09 /* ChatViewController.h */,
				71290CDC1A1FC63E003B7B09 /* ChatViewController.m */,
				7199681C1A14FA6100974683 /* LoginViewController.m */,
				7199683A1A14FA9B00974683 /* logo.png */,
				7199681E1A14FA6100974683 /* Main.storyboard */,
				71290CE61A1FF31C003B7B09 /* CreateSqeed */,
				71290CD81A1FC61E003B7B09 /* MapViewController.h */,
				71290CD91A1FC61E003B7B09 /* MapViewController.m */,
				71290CD51A1FC5FE003B7B09 /* SearchViewController.h */,
				71290CD61A1FC5FE003B7B09 /* SearchViewController.m */,
				71290CD21A1FC407003B7B09 /* ProfileViewController.h */,
				71290CD31A1FC407003B7B09 /* ProfileViewController.m */,
				7195D7B31A1E3A2D00A8C995 /* SBJson */,
				71290CC71A1F9C6F003B7B09 /* SettingsVC */,
				7195D7B01A1E30B100A8C995 /* SqeedViewController.h */,
				7195D7B11A1E30B100A8C995 /* SqeedViewController.m */,
				719968141A14FA6100974683 /* Supporting Files */,
			);
			path = SqeedTime;
			sourceTree = "<group>";
		};
		719968141A14FA6100974683 /* Supporting Files */ = {
			isa = PBXGroup;
			children = (
				719968151A14FA6100974683 /* Info.plist */,
				719968161A14FA6100974683 /* main.m */,
			);
			name = "Supporting Files";
			sourceTree = "<group>";
		};
		7199682D1A14FA6100974683 /* SqeedTimeTests */ = {
			isa = PBXGroup;
			children = (
				719968301A14FA6100974683 /* SqeedTimeTests.m */,
				7199682E1A14FA6100974683 /* Supporting Files */,
			);
			path = SqeedTimeTests;
			sourceTree = "<group>";
		};
		7199682E1A14FA6100974683 /* Supporting Files */ = {
			isa = PBXGroup;
			children = (
				7199682F1A14FA6100974683 /* Info.plist */,
			);
			name = "Supporting Files";
			sourceTree = "<group>";
		};
/* End PBXGroup section */

/* Begin PBXNativeTarget section */
		719968101A14FA6100974683 /* SqeedTime */ = {
			isa = PBXNativeTarget;
			buildConfigurationList = 719968341A14FA6100974683 /* Build configuration list for PBXNativeTarget "SqeedTime" */;
			buildPhases = (
				7199680D1A14FA6100974683 /* Sources */,
				7199680E1A14FA6100974683 /* Frameworks */,
				7199680F1A14FA6100974683 /* Resources */,
			);
			buildRules = (
			);
			dependencies = (
			);
			name = SqeedTime;
			productName = SqeedTime;
			productReference = 719968111A14FA6100974683 /* SqeedTime.app */;
			productType = "com.apple.product-type.application";
		};
		719968291A14FA6100974683 /* SqeedTimeTests */ = {
			isa = PBXNativeTarget;
			buildConfigurationList = 719968371A14FA6100974683 /* Build configuration list for PBXNativeTarget "SqeedTimeTests" */;
			buildPhases = (
				719968261A14FA6100974683 /* Sources */,
				719968271A14FA6100974683 /* Frameworks */,
				719968281A14FA6100974683 /* Resources */,
			);
			buildRules = (
			);
			dependencies = (
				7199682C1A14FA6100974683 /* PBXTargetDependency */,
			);
			name = SqeedTimeTests;
			productName = SqeedTimeTests;
			productReference = 7199682A1A14FA6100974683 /* SqeedTimeTests.xctest */;
			productType = "com.apple.product-type.bundle.unit-test";
		};
/* End PBXNativeTarget section */

/* Begin PBXProject section */
		719968091A14FA6100974683 /* Project object */ = {
			isa = PBXProject;
			attributes = {
				LastUpgradeCheck = 0610;
				ORGANIZATIONNAME = "Net Production Köbe & Co";
				TargetAttributes = {
					719968101A14FA6100974683 = {
						CreatedOnToolsVersion = 6.1;
					};
					719968291A14FA6100974683 = {
						CreatedOnToolsVersion = 6.1;
						TestTargetID = 719968101A14FA6100974683;
					};
				};
			};
			buildConfigurationList = 7199680C1A14FA6100974683 /* Build configuration list for PBXProject "SqeedTime" */;
			compatibilityVersion = "Xcode 3.2";
			developmentRegion = English;
			hasScannedForEncodings = 0;
			knownRegions = (
				en,
				Base,
				de,
				es,
				fr,
				he,
				it,
				nl,
				pl,
				pt,
				ro,
				ru,
				tr,
				"zh-Hans",
				"zh-Hant",
			);
			mainGroup = 719968081A14FA6100974683;
			productRefGroup = 719968121A14FA6100974683 /* Products */;
			projectDirPath = "";
			projectRoot = "";
			targets = (
				719968101A14FA6100974683 /* SqeedTime */,
				719968291A14FA6100974683 /* SqeedTimeTests */,
			);
		};
/* End PBXProject section */

/* Begin PBXResourcesBuildPhase section */
		7199680F1A14FA6100974683 /* Resources */ = {
			isa = PBXResourcesBuildPhase;
			buildActionMask = 2147483647;
			files = (
				7199683B1A14FA9B00974683 /* logo.png in Resources */,
				7195D7AA1A1CB96C00A8C995 /* icon-tennis.png in Resources */,
				7195D7AB1A1CB96C00A8C995 /* icon-theater.png in Resources */,
				719968201A14FA6100974683 /* Main.storyboard in Resources */,
				7195D7A81A1CB96C00A8C995 /* icon-coconut.png in Resources */,
				719968251A14FA6100974683 /* LaunchScreen.xib in Resources */,
				719968221A14FA6100974683 /* Images.xcassets in Resources */,
				7195D7A71A1CB96C00A8C995 /* icon-camera.png in Resources */,
				7195D7A91A1CB96C00A8C995 /* icon-music.png in Resources */,
			);
			runOnlyForDeploymentPostprocessing = 0;
		};
		719968281A14FA6100974683 /* Resources */ = {
			isa = PBXResourcesBuildPhase;
			buildActionMask = 2147483647;
			files = (
			);
			runOnlyForDeploymentPostprocessing = 0;
		};
/* End PBXResourcesBuildPhase section */

/* Begin PBXSourcesBuildPhase section */
		7199680D1A14FA6100974683 /* Sources */ = {
			isa = PBXSourcesBuildPhase;
			buildActionMask = 2147483647;
			files = (
				7199681D1A14FA6100974683 /* LoginViewController.m in Sources */,
				719968601A150FBD00974683 /* SBJsonWriter.m in Sources */,
				7199681A1A14FA6100974683 /* AppDelegate.m in Sources */,
				7199685E1A150FBD00974683 /* SBJsonTokeniser.m in Sources */,
				71290CD71A1FC5FE003B7B09 /* SearchViewController.m in Sources */,
				719968551A150FBD00974683 /* NSObject+SBJson.m in Sources */,
				71290CCE1A1FC3DC003B7B09 /* EditSettingsViewController.m in Sources */,
				7199685B1A150FBD00974683 /* SBJsonStreamWriter.m in Sources */,
				719968571A150FBD00974683 /* SBJsonStreamParser.m in Sources */,
				71290C231A1F5C2B003B7B09 /* SettingsViewController.m in Sources */,
				71290CE51A1FF315003B7B09 /* CategoryPickerView.m in Sources */,
				719968561A150FBD00974683 /* SBJsonParser.m in Sources */,
				719968581A150FBD00974683 /* SBJsonStreamParserAccumulator.m in Sources */,
				7199685A1A150FBD00974683 /* SBJsonStreamParserState.m in Sources */,
				710E25801A1BBE4E007C137E /* ActivitiesViewController.m in Sources */,
				71290C291A1F5C8A003B7B09 /* SettingsTableViewCell.m in Sources */,
				71290CDD1A1FC63E003B7B09 /* ChatViewController.m in Sources */,
				71290CCB1A1FB898003B7B09 /* GlobalClass.m in Sources */,
				7199685C1A150FBD00974683 /* SBJsonStreamWriterAccumulator.m in Sources */,
				7195D7B21A1E30B100A8C995 /* SqeedViewController.m in Sources */,
				7195D7AF1A1CBDE000A8C995 /* SqeedsTableView.m in Sources */,
				7195D7A11A1CA7E400A8C995 /* SqeedTableViewCell.m in Sources */,
				71290CE21A1FF2F8003B7B09 /* CreateSqeedViewController.m in Sources */,
				71290CD11A1FC3F3003B7B09 /* DisplaySettingsViewController.m in Sources */,
				7199685D1A150FBD00974683 /* SBJsonStreamWriterState.m in Sources */,
				7199685F1A150FBD00974683 /* SBJsonUTF8Stream.m in Sources */,
				71290CD41A1FC407003B7B09 /* ProfileViewController.m in Sources */,
				719968171A14FA6100974683 /* main.m in Sources */,
				719968591A150FBD00974683 /* SBJsonStreamParserAdapter.m in Sources */,
				71290C261A1F5C77003B7B09 /* SettingsTableView.m in Sources */,
				71290CDA1A1FC61E003B7B09 /* MapViewController.m in Sources */,
			);
			runOnlyForDeploymentPostprocessing = 0;
		};
		719968261A14FA6100974683 /* Sources */ = {
			isa = PBXSourcesBuildPhase;
			buildActionMask = 2147483647;
			files = (
				719968311A14FA6100974683 /* SqeedTimeTests.m in Sources */,
			);
			runOnlyForDeploymentPostprocessing = 0;
		};
/* End PBXSourcesBuildPhase section */

/* Begin PBXTargetDependency section */
		7199682C1A14FA6100974683 /* PBXTargetDependency */ = {
			isa = PBXTargetDependency;
			target = 719968101A14FA6100974683 /* SqeedTime */;
			targetProxy = 7199682B1A14FA6100974683 /* PBXContainerItemProxy */;
		};
/* End PBXTargetDependency section */

/* Begin PBXVariantGroup section */
		7199681E1A14FA6100974683 /* Main.storyboard */ = {
			isa = PBXVariantGroup;
			children = (
				7199681F1A14FA6100974683 /* Base */,
			);
			name = Main.storyboard;
			sourceTree = "<group>";
		};
		719968231A14FA6100974683 /* LaunchScreen.xib */ = {
			isa = PBXVariantGroup;
			children = (
				719968241A14FA6100974683 /* Base */,
			);
			name = LaunchScreen.xib;
			sourceTree = "<group>";
		};
/* End PBXVariantGroup section */

/* Begin XCBuildConfiguration section */
		719968321A14FA6100974683 /* Debug */ = {
			isa = XCBuildConfiguration;
			buildSettings = {
				ALWAYS_SEARCH_USER_PATHS = NO;
				CLANG_CXX_LANGUAGE_STANDARD = "gnu++0x";
				CLANG_CXX_LIBRARY = "libc++";
				CLANG_ENABLE_MODULES = YES;
				CLANG_ENABLE_OBJC_ARC = YES;
				CLANG_WARN_BOOL_CONVERSION = YES;
				CLANG_WARN_CONSTANT_CONVERSION = YES;
				CLANG_WARN_DIRECT_OBJC_ISA_USAGE = YES_ERROR;
				CLANG_WARN_EMPTY_BODY = YES;
				CLANG_WARN_ENUM_CONVERSION = YES;
				CLANG_WARN_INT_CONVERSION = YES;
				CLANG_WARN_OBJC_ROOT_CLASS = YES_ERROR;
				CLANG_WARN_UNREACHABLE_CODE = YES;
				CLANG_WARN__DUPLICATE_METHOD_MATCH = YES;
				"CODE_SIGN_IDENTITY[sdk=iphoneos*]" = "iPhone Developer";
				COPY_PHASE_STRIP = NO;
				ENABLE_STRICT_OBJC_MSGSEND = YES;
				GCC_C_LANGUAGE_STANDARD = gnu99;
				GCC_DYNAMIC_NO_PIC = NO;
				GCC_OPTIMIZATION_LEVEL = 0;
				GCC_PREPROCESSOR_DEFINITIONS = (
					"DEBUG=1",
					"$(inherited)",
				);
				GCC_SYMBOLS_PRIVATE_EXTERN = NO;
				GCC_WARN_64_TO_32_BIT_CONVERSION = YES;
				GCC_WARN_ABOUT_RETURN_TYPE = YES_ERROR;
				GCC_WARN_UNDECLARED_SELECTOR = YES;
				GCC_WARN_UNINITIALIZED_AUTOS = YES_AGGRESSIVE;
				GCC_WARN_UNUSED_FUNCTION = YES;
				GCC_WARN_UNUSED_VARIABLE = YES;
				IPHONEOS_DEPLOYMENT_TARGET = 8.1;
				MTL_ENABLE_DEBUG_INFO = YES;
				ONLY_ACTIVE_ARCH = YES;
				SDKROOT = iphoneos;
			};
			name = Debug;
		};
		719968331A14FA6100974683 /* Release */ = {
			isa = XCBuildConfiguration;
			buildSettings = {
				ALWAYS_SEARCH_USER_PATHS = NO;
				CLANG_CXX_LANGUAGE_STANDARD = "gnu++0x";
				CLANG_CXX_LIBRARY = "libc++";
				CLANG_ENABLE_MODULES = YES;
				CLANG_ENABLE_OBJC_ARC = YES;
				CLANG_WARN_BOOL_CONVERSION = YES;
				CLANG_WARN_CONSTANT_CONVERSION = YES;
				CLANG_WARN_DIRECT_OBJC_ISA_USAGE = YES_ERROR;
				CLANG_WARN_EMPTY_BODY = YES;
				CLANG_WARN_ENUM_CONVERSION = YES;
				CLANG_WARN_INT_CONVERSION = YES;
				CLANG_WARN_OBJC_ROOT_CLASS = YES_ERROR;
				CLANG_WARN_UNREACHABLE_CODE = YES;
				CLANG_WARN__DUPLICATE_METHOD_MATCH = YES;
				"CODE_SIGN_IDENTITY[sdk=iphoneos*]" = "iPhone Developer";
				COPY_PHASE_STRIP = YES;
				ENABLE_NS_ASSERTIONS = NO;
				ENABLE_STRICT_OBJC_MSGSEND = YES;
				GCC_C_LANGUAGE_STANDARD = gnu99;
				GCC_WARN_64_TO_32_BIT_CONVERSION = YES;
				GCC_WARN_ABOUT_RETURN_TYPE = YES_ERROR;
				GCC_WARN_UNDECLARED_SELECTOR = YES;
				GCC_WARN_UNINITIALIZED_AUTOS = YES_AGGRESSIVE;
				GCC_WARN_UNUSED_FUNCTION = YES;
				GCC_WARN_UNUSED_VARIABLE = YES;
				IPHONEOS_DEPLOYMENT_TARGET = 8.1;
				MTL_ENABLE_DEBUG_INFO = NO;
				SDKROOT = iphoneos;
				VALIDATE_PRODUCT = YES;
			};
			name = Release;
		};
		719968351A14FA6100974683 /* Debug */ = {
			isa = XCBuildConfiguration;
			buildSettings = {
				ASSETCATALOG_COMPILER_APPICON_NAME = AppIcon;
				INFOPLIST_FILE = SqeedTime/Info.plist;
				LD_RUNPATH_SEARCH_PATHS = "$(inherited) @executable_path/Frameworks";
				PRODUCT_NAME = "$(TARGET_NAME)";
			};
			name = Debug;
		};
		719968361A14FA6100974683 /* Release */ = {
			isa = XCBuildConfiguration;
			buildSettings = {
				ASSETCATALOG_COMPILER_APPICON_NAME = AppIcon;
				INFOPLIST_FILE = SqeedTime/Info.plist;
				LD_RUNPATH_SEARCH_PATHS = "$(inherited) @executable_path/Frameworks";
				PRODUCT_NAME = "$(TARGET_NAME)";
			};
			name = Release;
		};
		719968381A14FA6100974683 /* Debug */ = {
			isa = XCBuildConfiguration;
			buildSettings = {
				BUNDLE_LOADER = "$(TEST_HOST)";
				FRAMEWORK_SEARCH_PATHS = (
					"$(SDKROOT)/Developer/Library/Frameworks",
					"$(inherited)",
				);
				GCC_PREPROCESSOR_DEFINITIONS = (
					"DEBUG=1",
					"$(inherited)",
				);
				INFOPLIST_FILE = SqeedTimeTests/Info.plist;
				LD_RUNPATH_SEARCH_PATHS = "$(inherited) @executable_path/Frameworks @loader_path/Frameworks";
				PRODUCT_NAME = "$(TARGET_NAME)";
				TEST_HOST = "$(BUILT_PRODUCTS_DIR)/SqeedTime.app/SqeedTime";
			};
			name = Debug;
		};
		719968391A14FA6100974683 /* Release */ = {
			isa = XCBuildConfiguration;
			buildSettings = {
				BUNDLE_LOADER = "$(TEST_HOST)";
				FRAMEWORK_SEARCH_PATHS = (
					"$(SDKROOT)/Developer/Library/Frameworks",
					"$(inherited)",
				);
				INFOPLIST_FILE = SqeedTimeTests/Info.plist;
				LD_RUNPATH_SEARCH_PATHS = "$(inherited) @executable_path/Frameworks @loader_path/Frameworks";
				PRODUCT_NAME = "$(TARGET_NAME)";
				TEST_HOST = "$(BUILT_PRODUCTS_DIR)/SqeedTime.app/SqeedTime";
			};
			name = Release;
		};
/* End XCBuildConfiguration section */

/* Begin XCConfigurationList section */
		7199680C1A14FA6100974683 /* Build configuration list for PBXProject "SqeedTime" */ = {
			isa = XCConfigurationList;
			buildConfigurations = (
				719968321A14FA6100974683 /* Debug */,
				719968331A14FA6100974683 /* Release */,
			);
			defaultConfigurationIsVisible = 0;
			defaultConfigurationName = Release;
		};
		719968341A14FA6100974683 /* Build configuration list for PBXNativeTarget "SqeedTime" */ = {
			isa = XCConfigurationList;
			buildConfigurations = (
				719968351A14FA6100974683 /* Debug */,
				719968361A14FA6100974683 /* Release */,
			);
			defaultConfigurationIsVisible = 0;
			defaultConfigurationName = Release;
		};
		719968371A14FA6100974683 /* Build configuration list for PBXNativeTarget "SqeedTimeTests" */ = {
			isa = XCConfigurationList;
			buildConfigurations = (
				719968381A14FA6100974683 /* Debug */,
				719968391A14FA6100974683 /* Release */,
			);
			defaultConfigurationIsVisible = 0;
			defaultConfigurationName = Release;
		};
/* End XCConfigurationList section */
	};
	rootObject = 719968091A14FA6100974683 /* Project object */;
}
